// !$*UTF8*$!
{
	archiveVersion = 1;
	classes = {
	};
	objectVersion = 45;
	objects = {

/* Begin PBXBuildFile section */
		703093D317BE6844009662A1 /* Jitter_CodeGen_x86_Md.cpp in Sources */ = {isa = PBXBuildFile; fileRef = 703093D217BE6844009662A1 /* Jitter_CodeGen_x86_Md.cpp */; };
		7E0C76EA121E442B00F46800 /* Jitter_CodeGen_Arm_Shift.h in Headers */ = {isa = PBXBuildFile; fileRef = 7E0C76E9121E442B00F46800 /* Jitter_CodeGen_Arm_Shift.h */; };
		7E0C76F2121E457300F46800 /* Jitter_CodeGen_Arm_Alu.h in Headers */ = {isa = PBXBuildFile; fileRef = 7E0C76F1121E457300F46800 /* Jitter_CodeGen_Arm_Alu.h */; };
		7E271F89121256B300C0DEBF /* ArmAssembler.cpp in Sources */ = {isa = PBXBuildFile; fileRef = 7E271F75121256B300C0DEBF /* ArmAssembler.cpp */; };
		7E271F8A121256B300C0DEBF /* Jitter_CodeGen_Arm_Fpu.cpp in Sources */ = {isa = PBXBuildFile; fileRef = 7E271F76121256B300C0DEBF /* Jitter_CodeGen_Arm_Fpu.cpp */; };
		7E271F8B121256B300C0DEBF /* Jitter_CodeGen_Arm.cpp in Sources */ = {isa = PBXBuildFile; fileRef = 7E271F77121256B300C0DEBF /* Jitter_CodeGen_Arm.cpp */; };
		7E271F8C121256B300C0DEBF /* Jitter_CodeGen_x86_32.cpp in Sources */ = {isa = PBXBuildFile; fileRef = 7E271F78121256B300C0DEBF /* Jitter_CodeGen_x86_32.cpp */; };
		7E271F8D121256B300C0DEBF /* Jitter_CodeGen_x86_64.cpp in Sources */ = {isa = PBXBuildFile; fileRef = 7E271F79121256B300C0DEBF /* Jitter_CodeGen_x86_64.cpp */; };
		7E271F8E121256B300C0DEBF /* Jitter_CodeGen_x86_Alu.h in Headers */ = {isa = PBXBuildFile; fileRef = 7E271F7A121256B300C0DEBF /* Jitter_CodeGen_x86_Alu.h */; };
		7E271F8F121256B300C0DEBF /* Jitter_CodeGen_x86_Div.h in Headers */ = {isa = PBXBuildFile; fileRef = 7E271F7B121256B300C0DEBF /* Jitter_CodeGen_x86_Div.h */; };
		7E271F90121256B300C0DEBF /* Jitter_CodeGen_x86_Fpu.cpp in Sources */ = {isa = PBXBuildFile; fileRef = 7E271F7C121256B300C0DEBF /* Jitter_CodeGen_x86_Fpu.cpp */; };
		7E271F91121256B300C0DEBF /* Jitter_CodeGen_x86_Mul.h in Headers */ = {isa = PBXBuildFile; fileRef = 7E271F7D121256B300C0DEBF /* Jitter_CodeGen_x86_Mul.h */; };
		7E271F92121256B300C0DEBF /* Jitter_CodeGen_x86_Shift.h in Headers */ = {isa = PBXBuildFile; fileRef = 7E271F7E121256B300C0DEBF /* Jitter_CodeGen_x86_Shift.h */; };
		7E271F93121256B300C0DEBF /* Jitter_CodeGen_x86.cpp in Sources */ = {isa = PBXBuildFile; fileRef = 7E271F7F121256B300C0DEBF /* Jitter_CodeGen_x86.cpp */; };
		7E271F94121256B300C0DEBF /* Jitter_CodeGen.cpp in Sources */ = {isa = PBXBuildFile; fileRef = 7E271F80121256B300C0DEBF /* Jitter_CodeGen.cpp */; };
		7E271F95121256B300C0DEBF /* Jitter_CodeGenFactory.cpp in Sources */ = {isa = PBXBuildFile; fileRef = 7E271F81121256B300C0DEBF /* Jitter_CodeGenFactory.cpp */; };
		7E271F96121256B300C0DEBF /* Jitter_Optimize.cpp in Sources */ = {isa = PBXBuildFile; fileRef = 7E271F82121256B300C0DEBF /* Jitter_Optimize.cpp */; };
		7E271F97121256B300C0DEBF /* Jitter_SymbolTable.cpp in Sources */ = {isa = PBXBuildFile; fileRef = 7E271F83121256B300C0DEBF /* Jitter_SymbolTable.cpp */; };
		7E271F98121256B300C0DEBF /* Jitter.cpp in Sources */ = {isa = PBXBuildFile; fileRef = 7E271F84121256B300C0DEBF /* Jitter.cpp */; };
		7E271F99121256B300C0DEBF /* MemoryFunction.cpp in Sources */ = {isa = PBXBuildFile; fileRef = 7E271F85121256B300C0DEBF /* MemoryFunction.cpp */; };
		7E271F9A121256B300C0DEBF /* X86Assembler_Fpu.cpp in Sources */ = {isa = PBXBuildFile; fileRef = 7E271F86121256B300C0DEBF /* X86Assembler_Fpu.cpp */; };
		7E271F9B121256B300C0DEBF /* X86Assembler_Sse.cpp in Sources */ = {isa = PBXBuildFile; fileRef = 7E271F87121256B300C0DEBF /* X86Assembler_Sse.cpp */; };
		7E271F9C121256B300C0DEBF /* X86Assembler.cpp in Sources */ = {isa = PBXBuildFile; fileRef = 7E271F88121256B300C0DEBF /* X86Assembler.cpp */; };
		7E271FAC121256BB00C0DEBF /* ArmAssembler.h in Headers */ = {isa = PBXBuildFile; fileRef = 7E271F9D121256BB00C0DEBF /* ArmAssembler.h */; };
		7E271FAD121256BB00C0DEBF /* ArrayStack.h in Headers */ = {isa = PBXBuildFile; fileRef = 7E271F9E121256BB00C0DEBF /* ArrayStack.h */; };
		7E271FAE121256BB00C0DEBF /* Jitter_CodeGen_Arm.h in Headers */ = {isa = PBXBuildFile; fileRef = 7E271F9F121256BB00C0DEBF /* Jitter_CodeGen_Arm.h */; };
		7E271FAF121256BB00C0DEBF /* Jitter_CodeGen_x86_32.h in Headers */ = {isa = PBXBuildFile; fileRef = 7E271FA0121256BB00C0DEBF /* Jitter_CodeGen_x86_32.h */; };
		7E271FB0121256BB00C0DEBF /* Jitter_CodeGen_x86_64.h in Headers */ = {isa = PBXBuildFile; fileRef = 7E271FA1121256BB00C0DEBF /* Jitter_CodeGen_x86_64.h */; };
		7E271FB1121256BB00C0DEBF /* Jitter_CodeGen_x86.h in Headers */ = {isa = PBXBuildFile; fileRef = 7E271FA2121256BB00C0DEBF /* Jitter_CodeGen_x86.h */; };
		7E271FB2121256BB00C0DEBF /* Jitter_CodeGen.h in Headers */ = {isa = PBXBuildFile; fileRef = 7E271FA3121256BB00C0DEBF /* Jitter_CodeGen.h */; };
		7E271FB3121256BB00C0DEBF /* Jitter_CodeGenFactory.h in Headers */ = {isa = PBXBuildFile; fileRef = 7E271FA4121256BB00C0DEBF /* Jitter_CodeGenFactory.h */; };
		7E271FB4121256BB00C0DEBF /* Jitter_Statement.h in Headers */ = {isa = PBXBuildFile; fileRef = 7E271FA5121256BB00C0DEBF /* Jitter_Statement.h */; };
		7E271FB5121256BB00C0DEBF /* Jitter_Symbol.h in Headers */ = {isa = PBXBuildFile; fileRef = 7E271FA6121256BB00C0DEBF /* Jitter_Symbol.h */; };
		7E271FB6121256BB00C0DEBF /* Jitter_SymbolRef.h in Headers */ = {isa = PBXBuildFile; fileRef = 7E271FA7121256BB00C0DEBF /* Jitter_SymbolRef.h */; };
		7E271FB7121256BB00C0DEBF /* Jitter_SymbolTable.h in Headers */ = {isa = PBXBuildFile; fileRef = 7E271FA8121256BB00C0DEBF /* Jitter_SymbolTable.h */; };
		7E271FB8121256BB00C0DEBF /* Jitter.h in Headers */ = {isa = PBXBuildFile; fileRef = 7E271FA9121256BB00C0DEBF /* Jitter.h */; };
		7E271FB9121256BB00C0DEBF /* MemoryFunction.h in Headers */ = {isa = PBXBuildFile; fileRef = 7E271FAA121256BB00C0DEBF /* MemoryFunction.h */; };
		7E271FBA121256BB00C0DEBF /* X86Assembler.h in Headers */ = {isa = PBXBuildFile; fileRef = 7E271FAB121256BB00C0DEBF /* X86Assembler.h */; };
		7EE2D4911228865C00C2C057 /* Jitter_CodeGen_Arm_Div.h in Headers */ = {isa = PBXBuildFile; fileRef = 7EE2D4901228865C00C2C057 /* Jitter_CodeGen_Arm_Div.h */; };
		7EE2D5471229649000C2C057 /* Jitter_CodeGen_Arm_Mul.h in Headers */ = {isa = PBXBuildFile; fileRef = 7EE2D5461229649000C2C057 /* Jitter_CodeGen_Arm_Mul.h */; };
		7EF45DE912A0E43A00A991AB /* Jitter_RegAlloc.cpp in Sources */ = {isa = PBXBuildFile; fileRef = 7EF45DE812A0E43A00A991AB /* Jitter_RegAlloc.cpp */; };
		AA747D9F0F9514B9006C5449 /* CodeGen_Prefix.pch in Headers */ = {isa = PBXBuildFile; fileRef = AA747D9E0F9514B9006C5449 /* CodeGen_Prefix.pch */; };
		AACBBE4A0F95108600F1A2B1 /* Foundation.framework in Frameworks */ = {isa = PBXBuildFile; fileRef = AACBBE490F95108600F1A2B1 /* Foundation.framework */; };
/* End PBXBuildFile section */

/* Begin PBXFileReference section */
		703093D217BE6844009662A1 /* Jitter_CodeGen_x86_Md.cpp */ = {isa = PBXFileReference; fileEncoding = 4; lastKnownFileType = sourcecode.cpp.cpp; name = Jitter_CodeGen_x86_Md.cpp; path = ../src/Jitter_CodeGen_x86_Md.cpp; sourceTree = "<group>"; };
		7E0C76E9121E442B00F46800 /* Jitter_CodeGen_Arm_Shift.h */ = {isa = PBXFileReference; fileEncoding = 4; lastKnownFileType = sourcecode.c.h; name = Jitter_CodeGen_Arm_Shift.h; path = ../src/Jitter_CodeGen_Arm_Shift.h; sourceTree = SOURCE_ROOT; };
		7E0C76F1121E457300F46800 /* Jitter_CodeGen_Arm_Alu.h */ = {isa = PBXFileReference; fileEncoding = 4; lastKnownFileType = sourcecode.c.h; name = Jitter_CodeGen_Arm_Alu.h; path = ../src/Jitter_CodeGen_Arm_Alu.h; sourceTree = SOURCE_ROOT; };
		7E271F75121256B300C0DEBF /* ArmAssembler.cpp */ = {isa = PBXFileReference; fileEncoding = 4; lastKnownFileType = sourcecode.cpp.cpp; name = ArmAssembler.cpp; path = ../src/ArmAssembler.cpp; sourceTree = SOURCE_ROOT; };
		7E271F76121256B300C0DEBF /* Jitter_CodeGen_Arm_Fpu.cpp */ = {isa = PBXFileReference; fileEncoding = 4; lastKnownFileType = sourcecode.cpp.cpp; name = Jitter_CodeGen_Arm_Fpu.cpp; path = ../src/Jitter_CodeGen_Arm_Fpu.cpp; sourceTree = SOURCE_ROOT; };
		7E271F77121256B300C0DEBF /* Jitter_CodeGen_Arm.cpp */ = {isa = PBXFileReference; fileEncoding = 4; lastKnownFileType = sourcecode.cpp.cpp; name = Jitter_CodeGen_Arm.cpp; path = ../src/Jitter_CodeGen_Arm.cpp; sourceTree = SOURCE_ROOT; };
		7E271F78121256B300C0DEBF /* Jitter_CodeGen_x86_32.cpp */ = {isa = PBXFileReference; fileEncoding = 4; lastKnownFileType = sourcecode.cpp.cpp; name = Jitter_CodeGen_x86_32.cpp; path = ../src/Jitter_CodeGen_x86_32.cpp; sourceTree = SOURCE_ROOT; };
		7E271F79121256B300C0DEBF /* Jitter_CodeGen_x86_64.cpp */ = {isa = PBXFileReference; fileEncoding = 4; lastKnownFileType = sourcecode.cpp.cpp; name = Jitter_CodeGen_x86_64.cpp; path = ../src/Jitter_CodeGen_x86_64.cpp; sourceTree = SOURCE_ROOT; };
		7E271F7A121256B300C0DEBF /* Jitter_CodeGen_x86_Alu.h */ = {isa = PBXFileReference; fileEncoding = 4; lastKnownFileType = sourcecode.c.h; name = Jitter_CodeGen_x86_Alu.h; path = ../src/Jitter_CodeGen_x86_Alu.h; sourceTree = SOURCE_ROOT; };
		7E271F7B121256B300C0DEBF /* Jitter_CodeGen_x86_Div.h */ = {isa = PBXFileReference; fileEncoding = 4; lastKnownFileType = sourcecode.c.h; name = Jitter_CodeGen_x86_Div.h; path = ../src/Jitter_CodeGen_x86_Div.h; sourceTree = SOURCE_ROOT; };
		7E271F7C121256B300C0DEBF /* Jitter_CodeGen_x86_Fpu.cpp */ = {isa = PBXFileReference; fileEncoding = 4; lastKnownFileType = sourcecode.cpp.cpp; name = Jitter_CodeGen_x86_Fpu.cpp; path = ../src/Jitter_CodeGen_x86_Fpu.cpp; sourceTree = SOURCE_ROOT; };
		7E271F7D121256B300C0DEBF /* Jitter_CodeGen_x86_Mul.h */ = {isa = PBXFileReference; fileEncoding = 4; lastKnownFileType = sourcecode.c.h; name = Jitter_CodeGen_x86_Mul.h; path = ../src/Jitter_CodeGen_x86_Mul.h; sourceTree = SOURCE_ROOT; };
		7E271F7E121256B300C0DEBF /* Jitter_CodeGen_x86_Shift.h */ = {isa = PBXFileReference; fileEncoding = 4; lastKnownFileType = sourcecode.c.h; name = Jitter_CodeGen_x86_Shift.h; path = ../src/Jitter_CodeGen_x86_Shift.h; sourceTree = SOURCE_ROOT; };
		7E271F7F121256B300C0DEBF /* Jitter_CodeGen_x86.cpp */ = {isa = PBXFileReference; fileEncoding = 4; lastKnownFileType = sourcecode.cpp.cpp; name = Jitter_CodeGen_x86.cpp; path = ../src/Jitter_CodeGen_x86.cpp; sourceTree = SOURCE_ROOT; };
		7E271F80121256B300C0DEBF /* Jitter_CodeGen.cpp */ = {isa = PBXFileReference; fileEncoding = 4; lastKnownFileType = sourcecode.cpp.cpp; name = Jitter_CodeGen.cpp; path = ../src/Jitter_CodeGen.cpp; sourceTree = SOURCE_ROOT; };
		7E271F81121256B300C0DEBF /* Jitter_CodeGenFactory.cpp */ = {isa = PBXFileReference; fileEncoding = 4; lastKnownFileType = sourcecode.cpp.cpp; name = Jitter_CodeGenFactory.cpp; path = ../src/Jitter_CodeGenFactory.cpp; sourceTree = SOURCE_ROOT; };
		7E271F82121256B300C0DEBF /* Jitter_Optimize.cpp */ = {isa = PBXFileReference; fileEncoding = 4; lastKnownFileType = sourcecode.cpp.cpp; name = Jitter_Optimize.cpp; path = ../src/Jitter_Optimize.cpp; sourceTree = SOURCE_ROOT; };
		7E271F83121256B300C0DEBF /* Jitter_SymbolTable.cpp */ = {isa = PBXFileReference; fileEncoding = 4; lastKnownFileType = sourcecode.cpp.cpp; name = Jitter_SymbolTable.cpp; path = ../src/Jitter_SymbolTable.cpp; sourceTree = SOURCE_ROOT; };
		7E271F84121256B300C0DEBF /* Jitter.cpp */ = {isa = PBXFileReference; fileEncoding = 4; lastKnownFileType = sourcecode.cpp.cpp; name = Jitter.cpp; path = ../src/Jitter.cpp; sourceTree = SOURCE_ROOT; };
		7E271F85121256B300C0DEBF /* MemoryFunction.cpp */ = {isa = PBXFileReference; fileEncoding = 4; lastKnownFileType = sourcecode.cpp.cpp; name = MemoryFunction.cpp; path = ../src/MemoryFunction.cpp; sourceTree = SOURCE_ROOT; };
		7E271F86121256B300C0DEBF /* X86Assembler_Fpu.cpp */ = {isa = PBXFileReference; fileEncoding = 4; lastKnownFileType = sourcecode.cpp.cpp; name = X86Assembler_Fpu.cpp; path = ../src/X86Assembler_Fpu.cpp; sourceTree = SOURCE_ROOT; };
		7E271F87121256B300C0DEBF /* X86Assembler_Sse.cpp */ = {isa = PBXFileReference; fileEncoding = 4; lastKnownFileType = sourcecode.cpp.cpp; name = X86Assembler_Sse.cpp; path = ../src/X86Assembler_Sse.cpp; sourceTree = SOURCE_ROOT; };
		7E271F88121256B300C0DEBF /* X86Assembler.cpp */ = {isa = PBXFileReference; fileEncoding = 4; lastKnownFileType = sourcecode.cpp.cpp; name = X86Assembler.cpp; path = ../src/X86Assembler.cpp; sourceTree = SOURCE_ROOT; };
		7E271F9D121256BB00C0DEBF /* ArmAssembler.h */ = {isa = PBXFileReference; fileEncoding = 4; lastKnownFileType = sourcecode.c.h; name = ArmAssembler.h; path = ../include/ArmAssembler.h; sourceTree = SOURCE_ROOT; };
		7E271F9E121256BB00C0DEBF /* ArrayStack.h */ = {isa = PBXFileReference; fileEncoding = 4; lastKnownFileType = sourcecode.c.h; name = ArrayStack.h; path = ../include/ArrayStack.h; sourceTree = SOURCE_ROOT; };
		7E271F9F121256BB00C0DEBF /* Jitter_CodeGen_Arm.h */ = {isa = PBXFileReference; fileEncoding = 4; lastKnownFileType = sourcecode.c.h; name = Jitter_CodeGen_Arm.h; path = ../include/Jitter_CodeGen_Arm.h; sourceTree = SOURCE_ROOT; };
		7E271FA0121256BB00C0DEBF /* Jitter_CodeGen_x86_32.h */ = {isa = PBXFileReference; fileEncoding = 4; lastKnownFileType = sourcecode.c.h; name = Jitter_CodeGen_x86_32.h; path = ../include/Jitter_CodeGen_x86_32.h; sourceTree = SOURCE_ROOT; };
		7E271FA1121256BB00C0DEBF /* Jitter_CodeGen_x86_64.h */ = {isa = PBXFileReference; fileEncoding = 4; lastKnownFileType = sourcecode.c.h; name = Jitter_CodeGen_x86_64.h; path = ../include/Jitter_CodeGen_x86_64.h; sourceTree = SOURCE_ROOT; };
		7E271FA2121256BB00C0DEBF /* Jitter_CodeGen_x86.h */ = {isa = PBXFileReference; fileEncoding = 4; lastKnownFileType = sourcecode.c.h; name = Jitter_CodeGen_x86.h; path = ../include/Jitter_CodeGen_x86.h; sourceTree = SOURCE_ROOT; };
		7E271FA3121256BB00C0DEBF /* Jitter_CodeGen.h */ = {isa = PBXFileReference; fileEncoding = 4; lastKnownFileType = sourcecode.c.h; name = Jitter_CodeGen.h; path = ../include/Jitter_CodeGen.h; sourceTree = SOURCE_ROOT; };
		7E271FA4121256BB00C0DEBF /* Jitter_CodeGenFactory.h */ = {isa = PBXFileReference; fileEncoding = 4; lastKnownFileType = sourcecode.c.h; name = Jitter_CodeGenFactory.h; path = ../include/Jitter_CodeGenFactory.h; sourceTree = SOURCE_ROOT; };
		7E271FA5121256BB00C0DEBF /* Jitter_Statement.h */ = {isa = PBXFileReference; fileEncoding = 4; lastKnownFileType = sourcecode.c.h; name = Jitter_Statement.h; path = ../include/Jitter_Statement.h; sourceTree = SOURCE_ROOT; };
		7E271FA6121256BB00C0DEBF /* Jitter_Symbol.h */ = {isa = PBXFileReference; fileEncoding = 4; lastKnownFileType = sourcecode.c.h; name = Jitter_Symbol.h; path = ../include/Jitter_Symbol.h; sourceTree = SOURCE_ROOT; };
		7E271FA7121256BB00C0DEBF /* Jitter_SymbolRef.h */ = {isa = PBXFileReference; fileEncoding = 4; lastKnownFileType = sourcecode.c.h; name = Jitter_SymbolRef.h; path = ../include/Jitter_SymbolRef.h; sourceTree = SOURCE_ROOT; };
		7E271FA8121256BB00C0DEBF /* Jitter_SymbolTable.h */ = {isa = PBXFileReference; fileEncoding = 4; lastKnownFileType = sourcecode.c.h; name = Jitter_SymbolTable.h; path = ../include/Jitter_SymbolTable.h; sourceTree = SOURCE_ROOT; };
		7E271FA9121256BB00C0DEBF /* Jitter.h */ = {isa = PBXFileReference; fileEncoding = 4; lastKnownFileType = sourcecode.c.h; name = Jitter.h; path = ../include/Jitter.h; sourceTree = SOURCE_ROOT; };
		7E271FAA121256BB00C0DEBF /* MemoryFunction.h */ = {isa = PBXFileReference; fileEncoding = 4; lastKnownFileType = sourcecode.c.h; name = MemoryFunction.h; path = ../include/MemoryFunction.h; sourceTree = SOURCE_ROOT; };
		7E271FAB121256BB00C0DEBF /* X86Assembler.h */ = {isa = PBXFileReference; fileEncoding = 4; lastKnownFileType = sourcecode.c.h; name = X86Assembler.h; path = ../include/X86Assembler.h; sourceTree = SOURCE_ROOT; };
		7EE2D4901228865C00C2C057 /* Jitter_CodeGen_Arm_Div.h */ = {isa = PBXFileReference; fileEncoding = 4; lastKnownFileType = sourcecode.c.h; name = Jitter_CodeGen_Arm_Div.h; path = ../src/Jitter_CodeGen_Arm_Div.h; sourceTree = SOURCE_ROOT; };
		7EE2D5461229649000C2C057 /* Jitter_CodeGen_Arm_Mul.h */ = {isa = PBXFileReference; fileEncoding = 4; lastKnownFileType = sourcecode.c.h; name = Jitter_CodeGen_Arm_Mul.h; path = ../src/Jitter_CodeGen_Arm_Mul.h; sourceTree = SOURCE_ROOT; };
		7EF45DE812A0E43A00A991AB /* Jitter_RegAlloc.cpp */ = {isa = PBXFileReference; fileEncoding = 4; lastKnownFileType = sourcecode.cpp.cpp; name = Jitter_RegAlloc.cpp; path = ../src/Jitter_RegAlloc.cpp; sourceTree = SOURCE_ROOT; };
		AA747D9E0F9514B9006C5449 /* CodeGen_Prefix.pch */ = {isa = PBXFileReference; fileEncoding = 4; lastKnownFileType = sourcecode.c.h; path = CodeGen_Prefix.pch; sourceTree = SOURCE_ROOT; };
		AACBBE490F95108600F1A2B1 /* Foundation.framework */ = {isa = PBXFileReference; lastKnownFileType = wrapper.framework; name = Foundation.framework; path = System/Library/Frameworks/Foundation.framework; sourceTree = SDKROOT; };
		D2AAC07E0554694100DB518D /* libCodeGen.a */ = {isa = PBXFileReference; explicitFileType = archive.ar; includeInIndex = 0; path = libCodeGen.a; sourceTree = BUILT_PRODUCTS_DIR; };
/* End PBXFileReference section */

/* Begin PBXFrameworksBuildPhase section */
		D2AAC07C0554694100DB518D /* Frameworks */ = {
			isa = PBXFrameworksBuildPhase;
			buildActionMask = 2147483647;
			files = (
				AACBBE4A0F95108600F1A2B1 /* Foundation.framework in Frameworks */,
			);
			runOnlyForDeploymentPostprocessing = 0;
		};
/* End PBXFrameworksBuildPhase section */

/* Begin PBXGroup section */
		034768DFFF38A50411DB9C8B /* Products */ = {
			isa = PBXGroup;
			children = (
				D2AAC07E0554694100DB518D /* libCodeGen.a */,
			);
			name = Products;
			sourceTree = "<group>";
		};
		0867D691FE84028FC02AAC07 /* CodeGen */ = {
			isa = PBXGroup;
			children = (
				08FB77AEFE84172EC02AAC07 /* Classes */,
				32C88DFF0371C24200C91783 /* Other Sources */,
				0867D69AFE84028FC02AAC07 /* Frameworks */,
				034768DFFF38A50411DB9C8B /* Products */,
			);
			name = CodeGen;
			sourceTree = "<group>";
		};
		0867D69AFE84028FC02AAC07 /* Frameworks */ = {
			isa = PBXGroup;
			children = (
				AACBBE490F95108600F1A2B1 /* Foundation.framework */,
			);
			name = Frameworks;
			sourceTree = "<group>";
		};
		08FB77AEFE84172EC02AAC07 /* Classes */ = {
			isa = PBXGroup;
			children = (
				7E271F75121256B300C0DEBF /* ArmAssembler.cpp */,
				7E271F9D121256BB00C0DEBF /* ArmAssembler.h */,
				7E271F9E121256BB00C0DEBF /* ArrayStack.h */,
				7E271F84121256B300C0DEBF /* Jitter.cpp */,
				7E271FA9121256BB00C0DEBF /* Jitter.h */,
				7E271F80121256B300C0DEBF /* Jitter_CodeGen.cpp */,
				7E271FA3121256BB00C0DEBF /* Jitter_CodeGen.h */,
				7E271F77121256B300C0DEBF /* Jitter_CodeGen_Arm.cpp */,
				7E271F9F121256BB00C0DEBF /* Jitter_CodeGen_Arm.h */,
				7E0C76F1121E457300F46800 /* Jitter_CodeGen_Arm_Alu.h */,
				7EE2D4901228865C00C2C057 /* Jitter_CodeGen_Arm_Div.h */,
				7E271F76121256B300C0DEBF /* Jitter_CodeGen_Arm_Fpu.cpp */,
				7EE2D5461229649000C2C057 /* Jitter_CodeGen_Arm_Mul.h */,
				7E0C76E9121E442B00F46800 /* Jitter_CodeGen_Arm_Shift.h */,
				7E271F7F121256B300C0DEBF /* Jitter_CodeGen_x86.cpp */,
				7E271FA2121256BB00C0DEBF /* Jitter_CodeGen_x86.h */,
				7E271F78121256B300C0DEBF /* Jitter_CodeGen_x86_32.cpp */,
				7E271FA0121256BB00C0DEBF /* Jitter_CodeGen_x86_32.h */,
				7E271F79121256B300C0DEBF /* Jitter_CodeGen_x86_64.cpp */,
				7E271FA1121256BB00C0DEBF /* Jitter_CodeGen_x86_64.h */,
				7E271F7A121256B300C0DEBF /* Jitter_CodeGen_x86_Alu.h */,
				7E271F7B121256B300C0DEBF /* Jitter_CodeGen_x86_Div.h */,
				7E271F7C121256B300C0DEBF /* Jitter_CodeGen_x86_Fpu.cpp */,
				703093D217BE6844009662A1 /* Jitter_CodeGen_x86_Md.cpp */,
				7E271F7D121256B300C0DEBF /* Jitter_CodeGen_x86_Mul.h */,
				7E271F7E121256B300C0DEBF /* Jitter_CodeGen_x86_Shift.h */,
				7E271F81121256B300C0DEBF /* Jitter_CodeGenFactory.cpp */,
				7E271FA4121256BB00C0DEBF /* Jitter_CodeGenFactory.h */,
				7E271F82121256B300C0DEBF /* Jitter_Optimize.cpp */,
				7EF45DE812A0E43A00A991AB /* Jitter_RegAlloc.cpp */,
				7E271FA5121256BB00C0DEBF /* Jitter_Statement.h */,
				7E271FA6121256BB00C0DEBF /* Jitter_Symbol.h */,
				7E271FA7121256BB00C0DEBF /* Jitter_SymbolRef.h */,
				7E271F83121256B300C0DEBF /* Jitter_SymbolTable.cpp */,
				7E271FA8121256BB00C0DEBF /* Jitter_SymbolTable.h */,
				7E271F85121256B300C0DEBF /* MemoryFunction.cpp */,
				7E271FAA121256BB00C0DEBF /* MemoryFunction.h */,
				7E271F88121256B300C0DEBF /* X86Assembler.cpp */,
				7E271FAB121256BB00C0DEBF /* X86Assembler.h */,
				7E271F86121256B300C0DEBF /* X86Assembler_Fpu.cpp */,
				7E271F87121256B300C0DEBF /* X86Assembler_Sse.cpp */,
			);
			name = Classes;
			sourceTree = "<group>";
		};
		32C88DFF0371C24200C91783 /* Other Sources */ = {
			isa = PBXGroup;
			children = (
				AA747D9E0F9514B9006C5449 /* CodeGen_Prefix.pch */,
			);
			name = "Other Sources";
			sourceTree = "<group>";
		};
/* End PBXGroup section */

/* Begin PBXHeadersBuildPhase section */
		D2AAC07A0554694100DB518D /* Headers */ = {
			isa = PBXHeadersBuildPhase;
			buildActionMask = 2147483647;
			files = (
				AA747D9F0F9514B9006C5449 /* CodeGen_Prefix.pch in Headers */,
				7E271F8E121256B300C0DEBF /* Jitter_CodeGen_x86_Alu.h in Headers */,
				7E271F8F121256B300C0DEBF /* Jitter_CodeGen_x86_Div.h in Headers */,
				7E271F91121256B300C0DEBF /* Jitter_CodeGen_x86_Mul.h in Headers */,
				7E271F92121256B300C0DEBF /* Jitter_CodeGen_x86_Shift.h in Headers */,
				7E271FAC121256BB00C0DEBF /* ArmAssembler.h in Headers */,
				7E271FAD121256BB00C0DEBF /* ArrayStack.h in Headers */,
				7E271FAE121256BB00C0DEBF /* Jitter_CodeGen_Arm.h in Headers */,
				7E271FAF121256BB00C0DEBF /* Jitter_CodeGen_x86_32.h in Headers */,
				7E271FB0121256BB00C0DEBF /* Jitter_CodeGen_x86_64.h in Headers */,
				7E271FB1121256BB00C0DEBF /* Jitter_CodeGen_x86.h in Headers */,
				7E271FB2121256BB00C0DEBF /* Jitter_CodeGen.h in Headers */,
				7E271FB3121256BB00C0DEBF /* Jitter_CodeGenFactory.h in Headers */,
				7E271FB4121256BB00C0DEBF /* Jitter_Statement.h in Headers */,
				7E271FB5121256BB00C0DEBF /* Jitter_Symbol.h in Headers */,
				7E271FB6121256BB00C0DEBF /* Jitter_SymbolRef.h in Headers */,
				7E271FB7121256BB00C0DEBF /* Jitter_SymbolTable.h in Headers */,
				7E271FB8121256BB00C0DEBF /* Jitter.h in Headers */,
				7E271FB9121256BB00C0DEBF /* MemoryFunction.h in Headers */,
				7E271FBA121256BB00C0DEBF /* X86Assembler.h in Headers */,
				7E0C76EA121E442B00F46800 /* Jitter_CodeGen_Arm_Shift.h in Headers */,
				7E0C76F2121E457300F46800 /* Jitter_CodeGen_Arm_Alu.h in Headers */,
				7EE2D4911228865C00C2C057 /* Jitter_CodeGen_Arm_Div.h in Headers */,
				7EE2D5471229649000C2C057 /* Jitter_CodeGen_Arm_Mul.h in Headers */,
			);
			runOnlyForDeploymentPostprocessing = 0;
		};
/* End PBXHeadersBuildPhase section */

/* Begin PBXNativeTarget section */
		D2AAC07D0554694100DB518D /* CodeGen */ = {
			isa = PBXNativeTarget;
			buildConfigurationList = 1DEB921E08733DC00010E9CD /* Build configuration list for PBXNativeTarget "CodeGen" */;
			buildPhases = (
				D2AAC07A0554694100DB518D /* Headers */,
				D2AAC07B0554694100DB518D /* Sources */,
				D2AAC07C0554694100DB518D /* Frameworks */,
			);
			buildRules = (
			);
			dependencies = (
			);
			name = CodeGen;
			productName = CodeGen;
			productReference = D2AAC07E0554694100DB518D /* libCodeGen.a */;
			productType = "com.apple.product-type.library.static";
		};
/* End PBXNativeTarget section */

/* Begin PBXProject section */
		0867D690FE84028FC02AAC07 /* Project object */ = {
			isa = PBXProject;
			attributes = {
			};
			buildConfigurationList = 1DEB922208733DC00010E9CD /* Build configuration list for PBXProject "CodeGen" */;
			compatibilityVersion = "Xcode 3.1";
			developmentRegion = English;
			hasScannedForEncodings = 1;
			knownRegions = (
				English,
				Japanese,
				French,
				German,
			);
			mainGroup = 0867D691FE84028FC02AAC07 /* CodeGen */;
			productRefGroup = 034768DFFF38A50411DB9C8B /* Products */;
			projectDirPath = "";
			projectRoot = "";
			targets = (
				D2AAC07D0554694100DB518D /* CodeGen */,
			);
		};
/* End PBXProject section */

/* Begin PBXSourcesBuildPhase section */
		D2AAC07B0554694100DB518D /* Sources */ = {
			isa = PBXSourcesBuildPhase;
			buildActionMask = 2147483647;
			files = (
				7E271F89121256B300C0DEBF /* ArmAssembler.cpp in Sources */,
				7E271F8A121256B300C0DEBF /* Jitter_CodeGen_Arm_Fpu.cpp in Sources */,
				7E271F8B121256B300C0DEBF /* Jitter_CodeGen_Arm.cpp in Sources */,
				7E271F8C121256B300C0DEBF /* Jitter_CodeGen_x86_32.cpp in Sources */,
				7E271F8D121256B300C0DEBF /* Jitter_CodeGen_x86_64.cpp in Sources */,
				703093D317BE6844009662A1 /* Jitter_CodeGen_x86_Md.cpp in Sources */,
				7E271F90121256B300C0DEBF /* Jitter_CodeGen_x86_Fpu.cpp in Sources */,
				7E271F93121256B300C0DEBF /* Jitter_CodeGen_x86.cpp in Sources */,
				7E271F94121256B300C0DEBF /* Jitter_CodeGen.cpp in Sources */,
				7E271F95121256B300C0DEBF /* Jitter_CodeGenFactory.cpp in Sources */,
				7E271F96121256B300C0DEBF /* Jitter_Optimize.cpp in Sources */,
				7E271F97121256B300C0DEBF /* Jitter_SymbolTable.cpp in Sources */,
				7E271F98121256B300C0DEBF /* Jitter.cpp in Sources */,
				7E271F99121256B300C0DEBF /* MemoryFunction.cpp in Sources */,
				7E271F9A121256B300C0DEBF /* X86Assembler_Fpu.cpp in Sources */,
				7E271F9B121256B300C0DEBF /* X86Assembler_Sse.cpp in Sources */,
				7E271F9C121256B300C0DEBF /* X86Assembler.cpp in Sources */,
				7EF45DE912A0E43A00A991AB /* Jitter_RegAlloc.cpp in Sources */,
			);
			runOnlyForDeploymentPostprocessing = 0;
		};
/* End PBXSourcesBuildPhase section */

/* Begin XCBuildConfiguration section */
		1DEB921F08733DC00010E9CD /* Debug */ = {
			isa = XCBuildConfiguration;
			buildSettings = {
				ALWAYS_SEARCH_USER_PATHS = NO;
				ARCHS = "$(ARCHS_STANDARD_32_BIT)";
				CLANG_CXX_LANGUAGE_STANDARD = "c++0x";
				COPY_PHASE_STRIP = NO;
				DSTROOT = /tmp/CodeGen.dst;
				GCC_DYNAMIC_NO_PIC = NO;
				GCC_ENABLE_FIX_AND_CONTINUE = YES;
				GCC_MODEL_TUNING = G5;
				GCC_OPTIMIZATION_LEVEL = 0;
				GCC_PRECOMPILE_PREFIX_HEADER = YES;
				GCC_PREFIX_HEADER = CodeGen_Prefix.pch;
				GCC_SYMBOLS_PRIVATE_EXTERN = YES;
				HEADER_SEARCH_PATHS = (
					"~/Projects/Framework/include",
					"~/Libraries/boost_1_50_0",
				);
				INSTALL_PATH = /usr/local/lib;
				PRODUCT_NAME = CodeGen;
			};
			name = Debug;
		};
		1DEB922008733DC00010E9CD /* Release */ = {
			isa = XCBuildConfiguration;
			buildSettings = {
				ALWAYS_SEARCH_USER_PATHS = NO;
				ARCHS = "$(ARCHS_STANDARD_32_BIT)";
				CLANG_CXX_LANGUAGE_STANDARD = "c++0x";
				DSTROOT = /tmp/CodeGen.dst;
				GCC_MODEL_TUNING = G5;
				GCC_PRECOMPILE_PREFIX_HEADER = YES;
				GCC_PREFIX_HEADER = CodeGen_Prefix.pch;
				GCC_SYMBOLS_PRIVATE_EXTERN = YES;
				HEADER_SEARCH_PATHS = (
					"~/Projects/Framework/include",
					"~/Libraries/boost_1_50_0",
				);
				INSTALL_PATH = /usr/local/lib;
				PRODUCT_NAME = CodeGen;
			};
			name = Release;
		};
		1DEB922308733DC00010E9CD /* Debug */ = {
			isa = XCBuildConfiguration;
			buildSettings = {
				ARCHS = "$(ARCHS_STANDARD_32_BIT)";
				GCC_C_LANGUAGE_STANDARD = c99;
				GCC_OPTIMIZATION_LEVEL = 0;
				GCC_THUMB_SUPPORT = NO;
				GCC_WARN_ABOUT_RETURN_TYPE = YES;
				GCC_WARN_UNUSED_VARIABLE = YES;
				HEADER_SEARCH_PATHS = (
					"~/Projects/Framework/include",
					"~/Libraries/boost_1_42_0/boost/tr1/tr1",
					"~/Libraries/boost_1_42_0",
				);
				OTHER_CFLAGS = "-fvisibility=hidden";
				OTHER_LDFLAGS = "-ObjC";
				PREBINDING = NO;
				SDKROOT = iphoneos;
			};
			name = Debug;
		};
		1DEB922408733DC00010E9CD /* Release */ = {
			isa = XCBuildConfiguration;
			buildSettings = {
				ARCHS = "$(ARCHS_STANDARD_32_BIT)";
				GCC_C_LANGUAGE_STANDARD = c99;
				GCC_THUMB_SUPPORT = NO;
				GCC_WARN_ABOUT_RETURN_TYPE = YES;
				GCC_WARN_UNUSED_VARIABLE = YES;
				HEADER_SEARCH_PATHS = (
					"~/Projects/Framework/include",
					"~/Libraries/boost_1_42_0/boost/tr1/tr1",
					"~/Libraries/boost_1_42_0",
				);
				OTHER_CFLAGS = "-fvisibility=hidden";
				OTHER_LDFLAGS = "-ObjC";
				PREBINDING = NO;
				SDKROOT = iphoneos;
			};
			name = Release;
		};
/* End XCBuildConfiguration section */

/* Begin XCConfigurationList section */
		1DEB921E08733DC00010E9CD /* Build configuration list for PBXNativeTarget "CodeGen" */ = {
			isa = XCConfigurationList;
			buildConfigurations = (
				1DEB921F08733DC00010E9CD /* Debug */,
				1DEB922008733DC00010E9CD /* Release */,
			);
			defaultConfigurationIsVisible = 0;
			defaultConfigurationName = Release;
		};
		1DEB922208733DC00010E9CD /* Build configuration list for PBXProject "CodeGen" */ = {
			isa = XCConfigurationList;
			buildConfigurations = (
				1DEB922308733DC00010E9CD /* Debug */,
				1DEB922408733DC00010E9CD /* Release */,
			);
			defaultConfigurationIsVisible = 0;
			defaultConfigurationName = Release;
		};
/* End XCConfigurationList section */
	};
	rootObject = 0867D690FE84028FC02AAC07 /* Project object */;
}
