// !$*UTF8*$!
{
	archiveVersion = 1;
	classes = {
	};
	objectVersion = 45;
	objects = {

/* Begin PBXBuildFile section */
		03E0AC3B1D629D5900346464 /* ConditionTest.cpp in Sources */ = {isa = PBXBuildFile; fileRef = 03E0AC391D629D5900346464 /* ConditionTest.cpp */; };
		1D60589F0D05DD5A006BFB54 /* Foundation.framework in Frameworks */ = {isa = PBXBuildFile; fileRef = 1D30AB110D05D00D00671497 /* Foundation.framework */; };
		1DF5F4E00D08C38300B7A737 /* UIKit.framework in Frameworks */ = {isa = PBXBuildFile; fileRef = 1DF5F4DF0D08C38300B7A737 /* UIKit.framework */; };
		288765FD0DF74451002DB57D /* CoreGraphics.framework in Frameworks */ = {isa = PBXBuildFile; fileRef = 288765FC0DF74451002DB57D /* CoreGraphics.framework */; };
		7012497E1B02E930005F341A /* MdMinMaxTest.cpp in Sources */ = {isa = PBXBuildFile; fileRef = 7012497C1B02E930005F341A /* MdMinMaxTest.cpp */; };
		703093CC17BE67E5009662A1 /* Alu64Test.cpp in Sources */ = {isa = PBXBuildFile; fileRef = 703093C017BE67CE009662A1 /* Alu64Test.cpp */; };
		703093CD17BE67E8009662A1 /* Call64Test.cpp in Sources */ = {isa = PBXBuildFile; fileRef = 703093C217BE67CE009662A1 /* Call64Test.cpp */; };
		703093CF17BE67F5009662A1 /* MdCallTest.cpp in Sources */ = {isa = PBXBuildFile; fileRef = 703093C617BE67CE009662A1 /* MdCallTest.cpp */; };
		703093D017BE67F8009662A1 /* MdFpFlagTest.cpp in Sources */ = {isa = PBXBuildFile; fileRef = 703093C817BE67CE009662A1 /* MdFpFlagTest.cpp */; };
		703093D117BE6804009662A1 /* Shift64Test.cpp in Sources */ = {isa = PBXBuildFile; fileRef = 703093CA17BE67CE009662A1 /* Shift64Test.cpp */; };
		7031AA4D1AED887C00FA7B53 /* MdAddTest.cpp in Sources */ = {isa = PBXBuildFile; fileRef = 7031AA491AED887C00FA7B53 /* MdAddTest.cpp */; };
		7031AA4E1AED887C00FA7B53 /* NestedIfTest.cpp in Sources */ = {isa = PBXBuildFile; fileRef = 7031AA4B1AED887C00FA7B53 /* NestedIfTest.cpp */; };
		70320D0B1A998CD3001E9C4B /* Logic64Test.cpp in Sources */ = {isa = PBXBuildFile; fileRef = 70320D091A998CD3001E9C4B /* Logic64Test.cpp */; };
		703D964A1AE497D000B3974D /* MdCmpTest.cpp in Sources */ = {isa = PBXBuildFile; fileRef = 703D96461AE497D000B3974D /* MdCmpTest.cpp */; };
		703D964B1AE497D000B3974D /* MdManipTest.cpp in Sources */ = {isa = PBXBuildFile; fileRef = 703D96481AE497D000B3974D /* MdManipTest.cpp */; };
		703F73811AD0C60C00887F65 /* Merge64Test.cpp in Sources */ = {isa = PBXBuildFile; fileRef = 703F737F1AD0C60C00887F65 /* Merge64Test.cpp */; };
		704F23A51B0010DF009FD916 /* ShiftTest.cpp in Sources */ = {isa = PBXBuildFile; fileRef = 704F23A31B0010DF009FD916 /* ShiftTest.cpp */; };
		705E54EE1A58C50B009E67F1 /* libFramework.a in Frameworks */ = {isa = PBXBuildFile; fileRef = 705E54ED1A58C4E1009E67F1 /* libFramework.a */; };
		705E55031A58C6B9009E67F1 /* Cmp64Test.cpp in Sources */ = {isa = PBXBuildFile; fileRef = 705E54F51A58C6B9009E67F1 /* Cmp64Test.cpp */; };
		705E55051A58C6B9009E67F1 /* LzcTest.cpp in Sources */ = {isa = PBXBuildFile; fileRef = 705E54F91A58C6B9009E67F1 /* LzcTest.cpp */; };
		705E55061A58C6B9009E67F1 /* MdMemAccessTest.cpp in Sources */ = {isa = PBXBuildFile; fileRef = 705E54FB1A58C6B9009E67F1 /* MdMemAccessTest.cpp */; };
		705E55071A58C6B9009E67F1 /* MdSubTest.cpp in Sources */ = {isa = PBXBuildFile; fileRef = 705E54FD1A58C6B9009E67F1 /* MdSubTest.cpp */; };
		705E55081A58C6B9009E67F1 /* MdUnpackTest.cpp in Sources */ = {isa = PBXBuildFile; fileRef = 705E54FF1A58C6B9009E67F1 /* MdUnpackTest.cpp */; };
		705E55091A58C6B9009E67F1 /* SimpleMdTest.cpp in Sources */ = {isa = PBXBuildFile; fileRef = 705E55011A58C6B9009E67F1 /* SimpleMdTest.cpp */; };
		7061F1251E1C87BE00A30133 /* CursorTest.cpp in Sources */ = {isa = PBXBuildFile; fileRef = 7061F1231E1C87BE00A30133 /* CursorTest.cpp */; };
		707A1F251D175A0C0062B6A6 /* AliasTest2.cpp in Sources */ = {isa = PBXBuildFile; fileRef = 707A1F231D175A0C0062B6A6 /* AliasTest2.cpp */; };
		708ED2B91BBA073D00C49611 /* LogicTest.cpp in Sources */ = {isa = PBXBuildFile; fileRef = 708ED2B71BBA073D00C49611 /* LogicTest.cpp */; };
		70AD234D1B389DDA00137AA0 /* DivTest.cpp in Sources */ = {isa = PBXBuildFile; fileRef = 70AD23491B389DDA00137AA0 /* DivTest.cpp */; };
		70AD234E1B389DDA00137AA0 /* MdShiftTest.cpp in Sources */ = {isa = PBXBuildFile; fileRef = 70AD234B1B389DDA00137AA0 /* MdShiftTest.cpp */; };
		70C01F331AC8D8BE004DA1B2 /* MdLogicTest.cpp in Sources */ = {isa = PBXBuildFile; fileRef = 70C01F311AC8D8BE004DA1B2 /* MdLogicTest.cpp */; };
		70C0EFBA1A59FA7F00227442 /* GeneralSettings.xcconfig in Resources */ = {isa = PBXBuildFile; fileRef = 70C0EFB61A59FA7F00227442 /* GeneralSettings.xcconfig */; };
		70C0EFBB1A59FA7F00227442 /* GeneralSettingsDebug.xcconfig in Resources */ = {isa = PBXBuildFile; fileRef = 70C0EFB71A59FA7F00227442 /* GeneralSettingsDebug.xcconfig */; };
		70C0EFBC1A59FA7F00227442 /* GeneralSettingsRelease.xcconfig in Resources */ = {isa = PBXBuildFile; fileRef = 70C0EFB81A59FA7F00227442 /* GeneralSettingsRelease.xcconfig */; };
		7E2720451212598B00C0DEBF /* CompareTest.cpp in Sources */ = {isa = PBXBuildFile; fileRef = 7E2720351212598B00C0DEBF /* CompareTest.cpp */; };
		7E2720461212598B00C0DEBF /* Crc32Test.cpp in Sources */ = {isa = PBXBuildFile; fileRef = 7E2720371212598B00C0DEBF /* Crc32Test.cpp */; };
		7E2720471212598B00C0DEBF /* FpuTest.cpp in Sources */ = {isa = PBXBuildFile; fileRef = 7E2720391212598B00C0DEBF /* FpuTest.cpp */; };
		7E2720481212598B00C0DEBF /* Main.cpp in Sources */ = {isa = PBXBuildFile; fileRef = 7E27203B1212598B00C0DEBF /* Main.cpp */; };
		7E2720491212598B00C0DEBF /* MultTest.cpp in Sources */ = {isa = PBXBuildFile; fileRef = 7E27203C1212598B00C0DEBF /* MultTest.cpp */; };
		7E27204A1212598B00C0DEBF /* RandomAluTest.cpp in Sources */ = {isa = PBXBuildFile; fileRef = 7E27203E1212598B00C0DEBF /* RandomAluTest.cpp */; };
		7E27204B1212598B00C0DEBF /* RandomAluTest2.cpp in Sources */ = {isa = PBXBuildFile; fileRef = 7E2720401212598B00C0DEBF /* RandomAluTest2.cpp */; };
		7E27204C1212598B00C0DEBF /* RandomAluTest3.cpp in Sources */ = {isa = PBXBuildFile; fileRef = 7E2720421212598B00C0DEBF /* RandomAluTest3.cpp */; };
		7E272053121259AA00C0DEBF /* libCodeGen.a in Frameworks */ = {isa = PBXBuildFile; fileRef = 7E272052121259A200C0DEBF /* libCodeGen.a */; };
		7E3018541341A22000FEAF04 /* HugeJumpTest.cpp in Sources */ = {isa = PBXBuildFile; fileRef = 7E3018521341A22000FEAF04 /* HugeJumpTest.cpp */; };
		7EE2D43A1228842C00C2C057 /* RegAllocTest.cpp in Sources */ = {isa = PBXBuildFile; fileRef = 7EE2D4381228842C00C2C057 /* RegAllocTest.cpp */; };
		7EF8380512DAB5D300EA0F1C /* AliasTest.cpp in Sources */ = {isa = PBXBuildFile; fileRef = 7EF837FB12DAB5D300EA0F1C /* AliasTest.cpp */; };
		7EF8380612DAB5D300EA0F1C /* FpIntMixTest.cpp in Sources */ = {isa = PBXBuildFile; fileRef = 7EF837FD12DAB5D300EA0F1C /* FpIntMixTest.cpp */; };
		7EF8380712DAB5D300EA0F1C /* MdFpTest.cpp in Sources */ = {isa = PBXBuildFile; fileRef = 7EF837FF12DAB5D300EA0F1C /* MdFpTest.cpp */; };
		7EF8380812DAB5D300EA0F1C /* MdTest.cpp in Sources */ = {isa = PBXBuildFile; fileRef = 7EF8380112DAB5D300EA0F1C /* MdTest.cpp */; };
		7EF8380912DAB5D300EA0F1C /* MemAccessTest.cpp in Sources */ = {isa = PBXBuildFile; fileRef = 7EF8380312DAB5D300EA0F1C /* MemAccessTest.cpp */; };
/* End PBXBuildFile section */

/* Begin PBXContainerItemProxy section */
		705E54EC1A58C4E1009E67F1 /* PBXContainerItemProxy */ = {
			isa = PBXContainerItemProxy;
			containerPortal = 705E54E81A58C4E1009E67F1 /* Framework.xcodeproj */;
			proxyType = 2;
			remoteGlobalIDString = D2AAC07E0554694100DB518D;
			remoteInfo = Framework;
		};
		70BF167F1A5A1BE3002AF62F /* PBXContainerItemProxy */ = {
			isa = PBXContainerItemProxy;
			containerPortal = 7E27204D121259A200C0DEBF /* CodeGen.xcodeproj */;
			proxyType = 1;
			remoteGlobalIDString = D2AAC07D0554694100DB518D;
			remoteInfo = CodeGen;
		};
		70BF16811A5A1BE3002AF62F /* PBXContainerItemProxy */ = {
			isa = PBXContainerItemProxy;
			containerPortal = 705E54E81A58C4E1009E67F1 /* Framework.xcodeproj */;
			proxyType = 1;
			remoteGlobalIDString = D2AAC07D0554694100DB518D;
			remoteInfo = Framework;
		};
		7E272051121259A200C0DEBF /* PBXContainerItemProxy */ = {
			isa = PBXContainerItemProxy;
			containerPortal = 7E27204D121259A200C0DEBF /* CodeGen.xcodeproj */;
			proxyType = 2;
			remoteGlobalIDString = D2AAC07E0554694100DB518D;
			remoteInfo = CodeGen;
		};
/* End PBXContainerItemProxy section */

/* Begin PBXFileReference section */
		03E0AC391D629D5900346464 /* ConditionTest.cpp */ = {isa = PBXFileReference; fileEncoding = 4; lastKnownFileType = sourcecode.cpp.cpp; name = ConditionTest.cpp; path = ../tests/ConditionTest.cpp; sourceTree = "<group>"; };
		03E0AC3A1D629D5900346464 /* ConditionTest.h */ = {isa = PBXFileReference; fileEncoding = 4; lastKnownFileType = sourcecode.c.h; name = ConditionTest.h; path = ../tests/ConditionTest.h; sourceTree = "<group>"; };
		1D30AB110D05D00D00671497 /* Foundation.framework */ = {isa = PBXFileReference; lastKnownFileType = wrapper.framework; name = Foundation.framework; path = System/Library/Frameworks/Foundation.framework; sourceTree = SDKROOT; };
		1D6058910D05DD3D006BFB54 /* CodeGenTestSuite.app */ = {isa = PBXFileReference; explicitFileType = wrapper.application; includeInIndex = 0; path = CodeGenTestSuite.app; sourceTree = BUILT_PRODUCTS_DIR; };
		1DF5F4DF0D08C38300B7A737 /* UIKit.framework */ = {isa = PBXFileReference; lastKnownFileType = wrapper.framework; name = UIKit.framework; path = System/Library/Frameworks/UIKit.framework; sourceTree = SDKROOT; };
		288765FC0DF74451002DB57D /* CoreGraphics.framework */ = {isa = PBXFileReference; lastKnownFileType = wrapper.framework; name = CoreGraphics.framework; path = System/Library/Frameworks/CoreGraphics.framework; sourceTree = SDKROOT; };
		7012497C1B02E930005F341A /* MdMinMaxTest.cpp */ = {isa = PBXFileReference; fileEncoding = 4; lastKnownFileType = sourcecode.cpp.cpp; name = MdMinMaxTest.cpp; path = ../tests/MdMinMaxTest.cpp; sourceTree = "<group>"; };
		7012497D1B02E930005F341A /* MdMinMaxTest.h */ = {isa = PBXFileReference; fileEncoding = 4; lastKnownFileType = sourcecode.c.h; name = MdMinMaxTest.h; path = ../tests/MdMinMaxTest.h; sourceTree = "<group>"; };
		703093BD17BE6628009662A1 /* CodeGenTestSuite-Info.plist */ = {isa = PBXFileReference; lastKnownFileType = text.plist.xml; path = "CodeGenTestSuite-Info.plist"; sourceTree = "<group>"; };
		703093BE17BE6678009662A1 /* CodeGenTestSuite_Prefix.pch */ = {isa = PBXFileReference; lastKnownFileType = sourcecode.c.h; path = CodeGenTestSuite_Prefix.pch; sourceTree = "<group>"; };
		703093BF17BE67CE009662A1 /* Align16.h */ = {isa = PBXFileReference; lastKnownFileType = sourcecode.c.h; name = Align16.h; path = ../tests/Align16.h; sourceTree = "<group>"; };
		703093C017BE67CE009662A1 /* Alu64Test.cpp */ = {isa = PBXFileReference; lastKnownFileType = sourcecode.cpp.cpp; name = Alu64Test.cpp; path = ../tests/Alu64Test.cpp; sourceTree = "<group>"; };
		703093C117BE67CE009662A1 /* Alu64Test.h */ = {isa = PBXFileReference; lastKnownFileType = sourcecode.c.h; name = Alu64Test.h; path = ../tests/Alu64Test.h; sourceTree = "<group>"; };
		703093C217BE67CE009662A1 /* Call64Test.cpp */ = {isa = PBXFileReference; lastKnownFileType = sourcecode.cpp.cpp; name = Call64Test.cpp; path = ../tests/Call64Test.cpp; sourceTree = "<group>"; };
		703093C317BE67CE009662A1 /* Call64Test.h */ = {isa = PBXFileReference; lastKnownFileType = sourcecode.c.h; name = Call64Test.h; path = ../tests/Call64Test.h; sourceTree = "<group>"; };
		703093C617BE67CE009662A1 /* MdCallTest.cpp */ = {isa = PBXFileReference; lastKnownFileType = sourcecode.cpp.cpp; name = MdCallTest.cpp; path = ../tests/MdCallTest.cpp; sourceTree = "<group>"; };
		703093C717BE67CE009662A1 /* MdCallTest.h */ = {isa = PBXFileReference; lastKnownFileType = sourcecode.c.h; name = MdCallTest.h; path = ../tests/MdCallTest.h; sourceTree = "<group>"; };
		703093C817BE67CE009662A1 /* MdFpFlagTest.cpp */ = {isa = PBXFileReference; lastKnownFileType = sourcecode.cpp.cpp; name = MdFpFlagTest.cpp; path = ../tests/MdFpFlagTest.cpp; sourceTree = "<group>"; };
		703093C917BE67CE009662A1 /* MdFpFlagTest.h */ = {isa = PBXFileReference; lastKnownFileType = sourcecode.c.h; name = MdFpFlagTest.h; path = ../tests/MdFpFlagTest.h; sourceTree = "<group>"; };
		703093CA17BE67CE009662A1 /* Shift64Test.cpp */ = {isa = PBXFileReference; lastKnownFileType = sourcecode.cpp.cpp; name = Shift64Test.cpp; path = ../tests/Shift64Test.cpp; sourceTree = "<group>"; };
		703093CB17BE67CE009662A1 /* Shift64Test.h */ = {isa = PBXFileReference; lastKnownFileType = sourcecode.c.h; name = Shift64Test.h; path = ../tests/Shift64Test.h; sourceTree = "<group>"; };
		7031AA491AED887C00FA7B53 /* MdAddTest.cpp */ = {isa = PBXFileReference; fileEncoding = 4; lastKnownFileType = sourcecode.cpp.cpp; name = MdAddTest.cpp; path = ../tests/MdAddTest.cpp; sourceTree = "<group>"; };
		7031AA4A1AED887C00FA7B53 /* MdAddTest.h */ = {isa = PBXFileReference; fileEncoding = 4; lastKnownFileType = sourcecode.c.h; name = MdAddTest.h; path = ../tests/MdAddTest.h; sourceTree = "<group>"; };
		7031AA4B1AED887C00FA7B53 /* NestedIfTest.cpp */ = {isa = PBXFileReference; fileEncoding = 4; lastKnownFileType = sourcecode.cpp.cpp; name = NestedIfTest.cpp; path = ../tests/NestedIfTest.cpp; sourceTree = "<group>"; };
		7031AA4C1AED887C00FA7B53 /* NestedIfTest.h */ = {isa = PBXFileReference; fileEncoding = 4; lastKnownFileType = sourcecode.c.h; name = NestedIfTest.h; path = ../tests/NestedIfTest.h; sourceTree = "<group>"; };
		70320D091A998CD3001E9C4B /* Logic64Test.cpp */ = {isa = PBXFileReference; fileEncoding = 4; lastKnownFileType = sourcecode.cpp.cpp; name = Logic64Test.cpp; path = ../tests/Logic64Test.cpp; sourceTree = "<group>"; };
		70320D0A1A998CD3001E9C4B /* Logic64Test.h */ = {isa = PBXFileReference; fileEncoding = 4; lastKnownFileType = sourcecode.c.h; name = Logic64Test.h; path = ../tests/Logic64Test.h; sourceTree = "<group>"; };
		703D96461AE497D000B3974D /* MdCmpTest.cpp */ = {isa = PBXFileReference; fileEncoding = 4; lastKnownFileType = sourcecode.cpp.cpp; name = MdCmpTest.cpp; path = ../tests/MdCmpTest.cpp; sourceTree = "<group>"; };
		703D96471AE497D000B3974D /* MdCmpTest.h */ = {isa = PBXFileReference; fileEncoding = 4; lastKnownFileType = sourcecode.c.h; name = MdCmpTest.h; path = ../tests/MdCmpTest.h; sourceTree = "<group>"; };
		703D96481AE497D000B3974D /* MdManipTest.cpp */ = {isa = PBXFileReference; fileEncoding = 4; lastKnownFileType = sourcecode.cpp.cpp; name = MdManipTest.cpp; path = ../tests/MdManipTest.cpp; sourceTree = "<group>"; };
		703D96491AE497D000B3974D /* MdManipTest.h */ = {isa = PBXFileReference; fileEncoding = 4; lastKnownFileType = sourcecode.c.h; name = MdManipTest.h; path = ../tests/MdManipTest.h; sourceTree = "<group>"; };
		703F737F1AD0C60C00887F65 /* Merge64Test.cpp */ = {isa = PBXFileReference; fileEncoding = 4; lastKnownFileType = sourcecode.cpp.cpp; name = Merge64Test.cpp; path = ../tests/Merge64Test.cpp; sourceTree = "<group>"; };
		703F73801AD0C60C00887F65 /* Merge64Test.h */ = {isa = PBXFileReference; fileEncoding = 4; lastKnownFileType = sourcecode.c.h; name = Merge64Test.h; path = ../tests/Merge64Test.h; sourceTree = "<group>"; };
		704F23A31B0010DF009FD916 /* ShiftTest.cpp */ = {isa = PBXFileReference; fileEncoding = 4; lastKnownFileType = sourcecode.cpp.cpp; name = ShiftTest.cpp; path = ../tests/ShiftTest.cpp; sourceTree = "<group>"; };
		704F23A41B0010DF009FD916 /* ShiftTest.h */ = {isa = PBXFileReference; fileEncoding = 4; lastKnownFileType = sourcecode.c.h; name = ShiftTest.h; path = ../tests/ShiftTest.h; sourceTree = "<group>"; };
		705E54E81A58C4E1009E67F1 /* Framework.xcodeproj */ = {isa = PBXFileReference; lastKnownFileType = "wrapper.pb-project"; name = Framework.xcodeproj; path = ../../Framework/build_ios/Framework.xcodeproj; sourceTree = "<group>"; };
		705E54F51A58C6B9009E67F1 /* Cmp64Test.cpp */ = {isa = PBXFileReference; fileEncoding = 4; lastKnownFileType = sourcecode.cpp.cpp; name = Cmp64Test.cpp; path = ../tests/Cmp64Test.cpp; sourceTree = "<group>"; };
		705E54F61A58C6B9009E67F1 /* Cmp64Test.h */ = {isa = PBXFileReference; fileEncoding = 4; lastKnownFileType = sourcecode.c.h; name = Cmp64Test.h; path = ../tests/Cmp64Test.h; sourceTree = "<group>"; };
		705E54F91A58C6B9009E67F1 /* LzcTest.cpp */ = {isa = PBXFileReference; fileEncoding = 4; lastKnownFileType = sourcecode.cpp.cpp; name = LzcTest.cpp; path = ../tests/LzcTest.cpp; sourceTree = "<group>"; };
		705E54FA1A58C6B9009E67F1 /* LzcTest.h */ = {isa = PBXFileReference; fileEncoding = 4; lastKnownFileType = sourcecode.c.h; name = LzcTest.h; path = ../tests/LzcTest.h; sourceTree = "<group>"; };
		705E54FB1A58C6B9009E67F1 /* MdMemAccessTest.cpp */ = {isa = PBXFileReference; fileEncoding = 4; lastKnownFileType = sourcecode.cpp.cpp; name = MdMemAccessTest.cpp; path = ../tests/MdMemAccessTest.cpp; sourceTree = "<group>"; };
		705E54FC1A58C6B9009E67F1 /* MdMemAccessTest.h */ = {isa = PBXFileReference; fileEncoding = 4; lastKnownFileType = sourcecode.c.h; name = MdMemAccessTest.h; path = ../tests/MdMemAccessTest.h; sourceTree = "<group>"; };
		705E54FD1A58C6B9009E67F1 /* MdSubTest.cpp */ = {isa = PBXFileReference; fileEncoding = 4; lastKnownFileType = sourcecode.cpp.cpp; name = MdSubTest.cpp; path = ../tests/MdSubTest.cpp; sourceTree = "<group>"; };
		705E54FE1A58C6B9009E67F1 /* MdSubTest.h */ = {isa = PBXFileReference; fileEncoding = 4; lastKnownFileType = sourcecode.c.h; name = MdSubTest.h; path = ../tests/MdSubTest.h; sourceTree = "<group>"; };
		705E54FF1A58C6B9009E67F1 /* MdUnpackTest.cpp */ = {isa = PBXFileReference; fileEncoding = 4; lastKnownFileType = sourcecode.cpp.cpp; name = MdUnpackTest.cpp; path = ../tests/MdUnpackTest.cpp; sourceTree = "<group>"; };
		705E55001A58C6B9009E67F1 /* MdUnpackTest.h */ = {isa = PBXFileReference; fileEncoding = 4; lastKnownFileType = sourcecode.c.h; name = MdUnpackTest.h; path = ../tests/MdUnpackTest.h; sourceTree = "<group>"; };
		705E55011A58C6B9009E67F1 /* SimpleMdTest.cpp */ = {isa = PBXFileReference; fileEncoding = 4; lastKnownFileType = sourcecode.cpp.cpp; name = SimpleMdTest.cpp; path = ../tests/SimpleMdTest.cpp; sourceTree = "<group>"; };
		705E55021A58C6B9009E67F1 /* SimpleMdTest.h */ = {isa = PBXFileReference; fileEncoding = 4; lastKnownFileType = sourcecode.c.h; name = SimpleMdTest.h; path = ../tests/SimpleMdTest.h; sourceTree = "<group>"; };
		7061F1231E1C87BE00A30133 /* CursorTest.cpp */ = {isa = PBXFileReference; fileEncoding = 4; lastKnownFileType = sourcecode.cpp.cpp; name = CursorTest.cpp; path = ../tests/CursorTest.cpp; sourceTree = "<group>"; };
		7061F1241E1C87BE00A30133 /* CursorTest.h */ = {isa = PBXFileReference; fileEncoding = 4; lastKnownFileType = sourcecode.c.h; name = CursorTest.h; path = ../tests/CursorTest.h; sourceTree = "<group>"; };
		707A1F231D175A0C0062B6A6 /* AliasTest2.cpp */ = {isa = PBXFileReference; fileEncoding = 4; lastKnownFileType = sourcecode.cpp.cpp; name = AliasTest2.cpp; path = ../tests/AliasTest2.cpp; sourceTree = "<group>"; };
		707A1F241D175A0C0062B6A6 /* AliasTest2.h */ = {isa = PBXFileReference; fileEncoding = 4; lastKnownFileType = sourcecode.c.h; name = AliasTest2.h; path = ../tests/AliasTest2.h; sourceTree = "<group>"; };
		708ED2B71BBA073D00C49611 /* LogicTest.cpp */ = {isa = PBXFileReference; fileEncoding = 4; lastKnownFileType = sourcecode.cpp.cpp; name = LogicTest.cpp; path = ../tests/LogicTest.cpp; sourceTree = "<group>"; };
		708ED2B81BBA073D00C49611 /* LogicTest.h */ = {isa = PBXFileReference; fileEncoding = 4; lastKnownFileType = sourcecode.c.h; name = LogicTest.h; path = ../tests/LogicTest.h; sourceTree = "<group>"; };
		70AD23491B389DDA00137AA0 /* DivTest.cpp */ = {isa = PBXFileReference; fileEncoding = 4; lastKnownFileType = sourcecode.cpp.cpp; name = DivTest.cpp; path = ../tests/DivTest.cpp; sourceTree = "<group>"; };
		70AD234A1B389DDA00137AA0 /* DivTest.h */ = {isa = PBXFileReference; fileEncoding = 4; lastKnownFileType = sourcecode.c.h; name = DivTest.h; path = ../tests/DivTest.h; sourceTree = "<group>"; };
		70AD234B1B389DDA00137AA0 /* MdShiftTest.cpp */ = {isa = PBXFileReference; fileEncoding = 4; lastKnownFileType = sourcecode.cpp.cpp; name = MdShiftTest.cpp; path = ../tests/MdShiftTest.cpp; sourceTree = "<group>"; };
		70AD234C1B389DDA00137AA0 /* MdShiftTest.h */ = {isa = PBXFileReference; fileEncoding = 4; lastKnownFileType = sourcecode.c.h; name = MdShiftTest.h; path = ../tests/MdShiftTest.h; sourceTree = "<group>"; };
		70C01F311AC8D8BE004DA1B2 /* MdLogicTest.cpp */ = {isa = PBXFileReference; fileEncoding = 4; lastKnownFileType = sourcecode.cpp.cpp; name = MdLogicTest.cpp; path = ../tests/MdLogicTest.cpp; sourceTree = "<group>"; };
		70C01F321AC8D8BE004DA1B2 /* MdLogicTest.h */ = {isa = PBXFileReference; fileEncoding = 4; lastKnownFileType = sourcecode.c.h; name = MdLogicTest.h; path = ../tests/MdLogicTest.h; sourceTree = "<group>"; };
		70C0EFB61A59FA7F00227442 /* GeneralSettings.xcconfig */ = {isa = PBXFileReference; fileEncoding = 4; lastKnownFileType = text.xcconfig; path = GeneralSettings.xcconfig; sourceTree = "<group>"; };
		70C0EFB71A59FA7F00227442 /* GeneralSettingsDebug.xcconfig */ = {isa = PBXFileReference; fileEncoding = 4; lastKnownFileType = text.xcconfig; path = GeneralSettingsDebug.xcconfig; sourceTree = "<group>"; };
		70C0EFB81A59FA7F00227442 /* GeneralSettingsRelease.xcconfig */ = {isa = PBXFileReference; fileEncoding = 4; lastKnownFileType = text.xcconfig; path = GeneralSettingsRelease.xcconfig; sourceTree = "<group>"; };
		70C0EFBD1A59FA8800227442 /* CodeGen_Prefix.pch */ = {isa = PBXFileReference; fileEncoding = 4; lastKnownFileType = sourcecode.c.h; path = CodeGen_Prefix.pch; sourceTree = "<group>"; };
		7E2720351212598B00C0DEBF /* CompareTest.cpp */ = {isa = PBXFileReference; fileEncoding = 4; lastKnownFileType = sourcecode.cpp.cpp; name = CompareTest.cpp; path = ../tests/CompareTest.cpp; sourceTree = SOURCE_ROOT; };
		7E2720361212598B00C0DEBF /* CompareTest.h */ = {isa = PBXFileReference; fileEncoding = 4; lastKnownFileType = sourcecode.c.h; name = CompareTest.h; path = ../tests/CompareTest.h; sourceTree = SOURCE_ROOT; };
		7E2720371212598B00C0DEBF /* Crc32Test.cpp */ = {isa = PBXFileReference; fileEncoding = 4; lastKnownFileType = sourcecode.cpp.cpp; name = Crc32Test.cpp; path = ../tests/Crc32Test.cpp; sourceTree = SOURCE_ROOT; };
		7E2720381212598B00C0DEBF /* Crc32Test.h */ = {isa = PBXFileReference; fileEncoding = 4; lastKnownFileType = sourcecode.c.h; name = Crc32Test.h; path = ../tests/Crc32Test.h; sourceTree = SOURCE_ROOT; };
		7E2720391212598B00C0DEBF /* FpuTest.cpp */ = {isa = PBXFileReference; fileEncoding = 4; lastKnownFileType = sourcecode.cpp.cpp; name = FpuTest.cpp; path = ../tests/FpuTest.cpp; sourceTree = SOURCE_ROOT; };
		7E27203A1212598B00C0DEBF /* FpuTest.h */ = {isa = PBXFileReference; fileEncoding = 4; lastKnownFileType = sourcecode.c.h; name = FpuTest.h; path = ../tests/FpuTest.h; sourceTree = SOURCE_ROOT; };
		7E27203B1212598B00C0DEBF /* Main.cpp */ = {isa = PBXFileReference; fileEncoding = 4; lastKnownFileType = sourcecode.cpp.cpp; name = Main.cpp; path = ../tests/Main.cpp; sourceTree = SOURCE_ROOT; };
		7E27203C1212598B00C0DEBF /* MultTest.cpp */ = {isa = PBXFileReference; fileEncoding = 4; lastKnownFileType = sourcecode.cpp.cpp; name = MultTest.cpp; path = ../tests/MultTest.cpp; sourceTree = SOURCE_ROOT; };
		7E27203D1212598B00C0DEBF /* MultTest.h */ = {isa = PBXFileReference; fileEncoding = 4; lastKnownFileType = sourcecode.c.h; name = MultTest.h; path = ../tests/MultTest.h; sourceTree = SOURCE_ROOT; };
		7E27203E1212598B00C0DEBF /* RandomAluTest.cpp */ = {isa = PBXFileReference; fileEncoding = 4; lastKnownFileType = sourcecode.cpp.cpp; name = RandomAluTest.cpp; path = ../tests/RandomAluTest.cpp; sourceTree = SOURCE_ROOT; };
		7E27203F1212598B00C0DEBF /* RandomAluTest.h */ = {isa = PBXFileReference; fileEncoding = 4; lastKnownFileType = sourcecode.c.h; name = RandomAluTest.h; path = ../tests/RandomAluTest.h; sourceTree = SOURCE_ROOT; };
		7E2720401212598B00C0DEBF /* RandomAluTest2.cpp */ = {isa = PBXFileReference; fileEncoding = 4; lastKnownFileType = sourcecode.cpp.cpp; name = RandomAluTest2.cpp; path = ../tests/RandomAluTest2.cpp; sourceTree = SOURCE_ROOT; };
		7E2720411212598B00C0DEBF /* RandomAluTest2.h */ = {isa = PBXFileReference; fileEncoding = 4; lastKnownFileType = sourcecode.c.h; name = RandomAluTest2.h; path = ../tests/RandomAluTest2.h; sourceTree = SOURCE_ROOT; };
		7E2720421212598B00C0DEBF /* RandomAluTest3.cpp */ = {isa = PBXFileReference; fileEncoding = 4; lastKnownFileType = sourcecode.cpp.cpp; name = RandomAluTest3.cpp; path = ../tests/RandomAluTest3.cpp; sourceTree = SOURCE_ROOT; };
		7E2720431212598B00C0DEBF /* RandomAluTest3.h */ = {isa = PBXFileReference; fileEncoding = 4; lastKnownFileType = sourcecode.c.h; name = RandomAluTest3.h; path = ../tests/RandomAluTest3.h; sourceTree = SOURCE_ROOT; };
		7E2720441212598B00C0DEBF /* Test.h */ = {isa = PBXFileReference; fileEncoding = 4; lastKnownFileType = sourcecode.c.h; name = Test.h; path = ../tests/Test.h; sourceTree = SOURCE_ROOT; };
		7E27204D121259A200C0DEBF /* CodeGen.xcodeproj */ = {isa = PBXFileReference; lastKnownFileType = "wrapper.pb-project"; path = CodeGen.xcodeproj; sourceTree = "<group>"; };
		7E3018521341A22000FEAF04 /* HugeJumpTest.cpp */ = {isa = PBXFileReference; fileEncoding = 4; lastKnownFileType = sourcecode.cpp.cpp; name = HugeJumpTest.cpp; path = ../tests/HugeJumpTest.cpp; sourceTree = "<group>"; };
		7E3018531341A22000FEAF04 /* HugeJumpTest.h */ = {isa = PBXFileReference; fileEncoding = 4; lastKnownFileType = sourcecode.c.h; name = HugeJumpTest.h; path = ../tests/HugeJumpTest.h; sourceTree = "<group>"; };
		7EE2D4381228842C00C2C057 /* RegAllocTest.cpp */ = {isa = PBXFileReference; fileEncoding = 4; lastKnownFileType = sourcecode.cpp.cpp; name = RegAllocTest.cpp; path = ../tests/RegAllocTest.cpp; sourceTree = SOURCE_ROOT; };
		7EE2D4391228842C00C2C057 /* RegAllocTest.h */ = {isa = PBXFileReference; fileEncoding = 4; lastKnownFileType = sourcecode.c.h; name = RegAllocTest.h; path = ../tests/RegAllocTest.h; sourceTree = SOURCE_ROOT; };
		7EF837FB12DAB5D300EA0F1C /* AliasTest.cpp */ = {isa = PBXFileReference; fileEncoding = 4; lastKnownFileType = sourcecode.cpp.cpp; name = AliasTest.cpp; path = ../tests/AliasTest.cpp; sourceTree = SOURCE_ROOT; };
		7EF837FC12DAB5D300EA0F1C /* AliasTest.h */ = {isa = PBXFileReference; fileEncoding = 4; lastKnownFileType = sourcecode.c.h; name = AliasTest.h; path = ../tests/AliasTest.h; sourceTree = SOURCE_ROOT; };
		7EF837FD12DAB5D300EA0F1C /* FpIntMixTest.cpp */ = {isa = PBXFileReference; fileEncoding = 4; lastKnownFileType = sourcecode.cpp.cpp; name = FpIntMixTest.cpp; path = ../tests/FpIntMixTest.cpp; sourceTree = SOURCE_ROOT; };
		7EF837FE12DAB5D300EA0F1C /* FpIntMixTest.h */ = {isa = PBXFileReference; fileEncoding = 4; lastKnownFileType = sourcecode.c.h; name = FpIntMixTest.h; path = ../tests/FpIntMixTest.h; sourceTree = SOURCE_ROOT; };
		7EF837FF12DAB5D300EA0F1C /* MdFpTest.cpp */ = {isa = PBXFileReference; fileEncoding = 4; lastKnownFileType = sourcecode.cpp.cpp; name = MdFpTest.cpp; path = ../tests/MdFpTest.cpp; sourceTree = SOURCE_ROOT; };
		7EF8380012DAB5D300EA0F1C /* MdFpTest.h */ = {isa = PBXFileReference; fileEncoding = 4; lastKnownFileType = sourcecode.c.h; name = MdFpTest.h; path = ../tests/MdFpTest.h; sourceTree = SOURCE_ROOT; };
		7EF8380112DAB5D300EA0F1C /* MdTest.cpp */ = {isa = PBXFileReference; fileEncoding = 4; lastKnownFileType = sourcecode.cpp.cpp; name = MdTest.cpp; path = ../tests/MdTest.cpp; sourceTree = SOURCE_ROOT; };
		7EF8380212DAB5D300EA0F1C /* MdTest.h */ = {isa = PBXFileReference; fileEncoding = 4; lastKnownFileType = sourcecode.c.h; name = MdTest.h; path = ../tests/MdTest.h; sourceTree = SOURCE_ROOT; };
		7EF8380312DAB5D300EA0F1C /* MemAccessTest.cpp */ = {isa = PBXFileReference; fileEncoding = 4; lastKnownFileType = sourcecode.cpp.cpp; name = MemAccessTest.cpp; path = ../tests/MemAccessTest.cpp; sourceTree = SOURCE_ROOT; };
		7EF8380412DAB5D300EA0F1C /* MemAccessTest.h */ = {isa = PBXFileReference; fileEncoding = 4; lastKnownFileType = sourcecode.c.h; name = MemAccessTest.h; path = ../tests/MemAccessTest.h; sourceTree = SOURCE_ROOT; };
/* End PBXFileReference section */

/* Begin PBXFrameworksBuildPhase section */
		1D60588F0D05DD3D006BFB54 /* Frameworks */ = {
			isa = PBXFrameworksBuildPhase;
			buildActionMask = 2147483647;
			files = (
				705E54EE1A58C50B009E67F1 /* libFramework.a in Frameworks */,
				7E272053121259AA00C0DEBF /* libCodeGen.a in Frameworks */,
				1D60589F0D05DD5A006BFB54 /* Foundation.framework in Frameworks */,
				1DF5F4E00D08C38300B7A737 /* UIKit.framework in Frameworks */,
				288765FD0DF74451002DB57D /* CoreGraphics.framework in Frameworks */,
			);
			runOnlyForDeploymentPostprocessing = 0;
		};
/* End PBXFrameworksBuildPhase section */

/* Begin PBXGroup section */
		19C28FACFE9D520D11CA2CBB /* Products */ = {
			isa = PBXGroup;
			children = (
				1D6058910D05DD3D006BFB54 /* CodeGenTestSuite.app */,
			);
			name = Products;
			sourceTree = "<group>";
		};
		29B97314FDCFA39411CA2CEA /* CustomTemplate */ = {
			isa = PBXGroup;
			children = (
				70C0EFB21A59FA7300227442 /* Config */,
				70C0EFBE1A59FA9200227442 /* Dependencies */,
				29B97323FDCFA39411CA2CEA /* Frameworks */,
				19C28FACFE9D520D11CA2CBB /* Products */,
				29B97317FDCFA39411CA2CEA /* Resources */,
				7E2720341212597B00C0DEBF /* Source */,
			);
			name = CustomTemplate;
			sourceTree = "<group>";
		};
		29B97317FDCFA39411CA2CEA /* Resources */ = {
			isa = PBXGroup;
			children = (
				703093BD17BE6628009662A1 /* CodeGenTestSuite-Info.plist */,
			);
			name = Resources;
			sourceTree = "<group>";
		};
		29B97323FDCFA39411CA2CEA /* Frameworks */ = {
			isa = PBXGroup;
			children = (
				1DF5F4DF0D08C38300B7A737 /* UIKit.framework */,
				1D30AB110D05D00D00671497 /* Foundation.framework */,
				288765FC0DF74451002DB57D /* CoreGraphics.framework */,
			);
			name = Frameworks;
			sourceTree = "<group>";
		};
		70596F741C075ABE00863A72 /* Op64 */ = {
			isa = PBXGroup;
			children = (
				703093C017BE67CE009662A1 /* Alu64Test.cpp */,
				703093C117BE67CE009662A1 /* Alu64Test.h */,
				703093C217BE67CE009662A1 /* Call64Test.cpp */,
				703093C317BE67CE009662A1 /* Call64Test.h */,
				705E54F51A58C6B9009E67F1 /* Cmp64Test.cpp */,
				705E54F61A58C6B9009E67F1 /* Cmp64Test.h */,
				70320D091A998CD3001E9C4B /* Logic64Test.cpp */,
				70320D0A1A998CD3001E9C4B /* Logic64Test.h */,
				703F737F1AD0C60C00887F65 /* Merge64Test.cpp */,
				703F73801AD0C60C00887F65 /* Merge64Test.h */,
				703093CA17BE67CE009662A1 /* Shift64Test.cpp */,
				703093CB17BE67CE009662A1 /* Shift64Test.h */,
			);
			name = Op64;
			sourceTree = "<group>";
		};
		70596F751C075AF300863A72 /* OpMd */ = {
			isa = PBXGroup;
			children = (
				7031AA491AED887C00FA7B53 /* MdAddTest.cpp */,
				7031AA4A1AED887C00FA7B53 /* MdAddTest.h */,
				703093C617BE67CE009662A1 /* MdCallTest.cpp */,
				703093C717BE67CE009662A1 /* MdCallTest.h */,
				703D96461AE497D000B3974D /* MdCmpTest.cpp */,
				703D96471AE497D000B3974D /* MdCmpTest.h */,
				703093C817BE67CE009662A1 /* MdFpFlagTest.cpp */,
				703093C917BE67CE009662A1 /* MdFpFlagTest.h */,
				7EF837FF12DAB5D300EA0F1C /* MdFpTest.cpp */,
				7EF8380012DAB5D300EA0F1C /* MdFpTest.h */,
				70C01F311AC8D8BE004DA1B2 /* MdLogicTest.cpp */,
				70C01F321AC8D8BE004DA1B2 /* MdLogicTest.h */,
				703D96481AE497D000B3974D /* MdManipTest.cpp */,
				703D96491AE497D000B3974D /* MdManipTest.h */,
				705E54FB1A58C6B9009E67F1 /* MdMemAccessTest.cpp */,
				705E54FC1A58C6B9009E67F1 /* MdMemAccessTest.h */,
				7012497C1B02E930005F341A /* MdMinMaxTest.cpp */,
				7012497D1B02E930005F341A /* MdMinMaxTest.h */,
				70AD234B1B389DDA00137AA0 /* MdShiftTest.cpp */,
				70AD234C1B389DDA00137AA0 /* MdShiftTest.h */,
				705E54FD1A58C6B9009E67F1 /* MdSubTest.cpp */,
				705E54FE1A58C6B9009E67F1 /* MdSubTest.h */,
				7EF8380112DAB5D300EA0F1C /* MdTest.cpp */,
				7EF8380212DAB5D300EA0F1C /* MdTest.h */,
				705E54FF1A58C6B9009E67F1 /* MdUnpackTest.cpp */,
				705E55001A58C6B9009E67F1 /* MdUnpackTest.h */,
				705E55011A58C6B9009E67F1 /* SimpleMdTest.cpp */,
				705E55021A58C6B9009E67F1 /* SimpleMdTest.h */,
			);
			name = OpMd;
			sourceTree = "<group>";
		};
		70596F761C075B8A00863A72 /* OpSimple */ = {
			isa = PBXGroup;
			children = (
				7EF837FB12DAB5D300EA0F1C /* AliasTest.cpp */,
				7EF837FC12DAB5D300EA0F1C /* AliasTest.h */,
				707A1F231D175A0C0062B6A6 /* AliasTest2.cpp */,
				707A1F241D175A0C0062B6A6 /* AliasTest2.h */,
				7E2720351212598B00C0DEBF /* CompareTest.cpp */,
				7E2720361212598B00C0DEBF /* CompareTest.h */,
				03E0AC391D629D5900346464 /* ConditionTest.cpp */,
				03E0AC3A1D629D5900346464 /* ConditionTest.h */,
				7E2720371212598B00C0DEBF /* Crc32Test.cpp */,
				7E2720381212598B00C0DEBF /* Crc32Test.h */,
				7061F1231E1C87BE00A30133 /* CursorTest.cpp */,
				7061F1241E1C87BE00A30133 /* CursorTest.h */,
				70AD23491B389DDA00137AA0 /* DivTest.cpp */,
				70AD234A1B389DDA00137AA0 /* DivTest.h */,
				7E3018521341A22000FEAF04 /* HugeJumpTest.cpp */,
				7E3018531341A22000FEAF04 /* HugeJumpTest.h */,
				708ED2B71BBA073D00C49611 /* LogicTest.cpp */,
				708ED2B81BBA073D00C49611 /* LogicTest.h */,
				705E54F91A58C6B9009E67F1 /* LzcTest.cpp */,
				705E54FA1A58C6B9009E67F1 /* LzcTest.h */,
				7EF8380312DAB5D300EA0F1C /* MemAccessTest.cpp */,
				7EF8380412DAB5D300EA0F1C /* MemAccessTest.h */,
				7E27203C1212598B00C0DEBF /* MultTest.cpp */,
				7E27203D1212598B00C0DEBF /* MultTest.h */,
				7031AA4B1AED887C00FA7B53 /* NestedIfTest.cpp */,
				7031AA4C1AED887C00FA7B53 /* NestedIfTest.h */,
				7E27203E1212598B00C0DEBF /* RandomAluTest.cpp */,
				7E27203F1212598B00C0DEBF /* RandomAluTest.h */,
				7E2720401212598B00C0DEBF /* RandomAluTest2.cpp */,
				7E2720411212598B00C0DEBF /* RandomAluTest2.h */,
				7E2720421212598B00C0DEBF /* RandomAluTest3.cpp */,
				7E2720431212598B00C0DEBF /* RandomAluTest3.h */,
				7EE2D4381228842C00C2C057 /* RegAllocTest.cpp */,
				7EE2D4391228842C00C2C057 /* RegAllocTest.h */,
				704F23A31B0010DF009FD916 /* ShiftTest.cpp */,
				704F23A41B0010DF009FD916 /* ShiftTest.h */,
			);
			name = OpSimple;
			sourceTree = "<group>";
		};
		70596F771C075BDB00863A72 /* OpFpu */ = {
			isa = PBXGroup;
			children = (
				7EF837FD12DAB5D300EA0F1C /* FpIntMixTest.cpp */,
				7EF837FE12DAB5D300EA0F1C /* FpIntMixTest.h */,
				7E2720391212598B00C0DEBF /* FpuTest.cpp */,
				7E27203A1212598B00C0DEBF /* FpuTest.h */,
			);
			name = OpFpu;
			sourceTree = "<group>";
		};
		705E54E91A58C4E1009E67F1 /* Products */ = {
			isa = PBXGroup;
			children = (
				705E54ED1A58C4E1009E67F1 /* libFramework.a */,
			);
			name = Products;
			sourceTree = "<group>";
		};
		70C0EFB21A59FA7300227442 /* Config */ = {
			isa = PBXGroup;
			children = (
				70C0EFB61A59FA7F00227442 /* GeneralSettings.xcconfig */,
				70C0EFB71A59FA7F00227442 /* GeneralSettingsDebug.xcconfig */,
				70C0EFB81A59FA7F00227442 /* GeneralSettingsRelease.xcconfig */,
			);
			name = Config;
			sourceTree = "<group>";
		};
		70C0EFBE1A59FA9200227442 /* Dependencies */ = {
			isa = PBXGroup;
			children = (
				7E27204D121259A200C0DEBF /* CodeGen.xcodeproj */,
				705E54E81A58C4E1009E67F1 /* Framework.xcodeproj */,
			);
			name = Dependencies;
			sourceTree = "<group>";
		};
		7E2720341212597B00C0DEBF /* Source */ = {
			isa = PBXGroup;
			children = (
				703093BF17BE67CE009662A1 /* Align16.h */,
				70C0EFBD1A59FA8800227442 /* CodeGen_Prefix.pch */,
				703093BE17BE6678009662A1 /* CodeGenTestSuite_Prefix.pch */,
				7E27203B1212598B00C0DEBF /* Main.cpp */,
				70596F741C075ABE00863A72 /* Op64 */,
				70596F771C075BDB00863A72 /* OpFpu */,
				70596F751C075AF300863A72 /* OpMd */,
				70596F761C075B8A00863A72 /* OpSimple */,
				7E2720441212598B00C0DEBF /* Test.h */,
			);
			name = Source;
			sourceTree = "<group>";
		};
		7E27204E121259A200C0DEBF /* Products */ = {
			isa = PBXGroup;
			children = (
				7E272052121259A200C0DEBF /* libCodeGen.a */,
			);
			name = Products;
			sourceTree = "<group>";
		};
/* End PBXGroup section */

/* Begin PBXNativeTarget section */
		1D6058900D05DD3D006BFB54 /* CodeGenTestSuite */ = {
			isa = PBXNativeTarget;
			buildConfigurationList = 1D6058960D05DD3E006BFB54 /* Build configuration list for PBXNativeTarget "CodeGenTestSuite" */;
			buildPhases = (
				1D60588D0D05DD3D006BFB54 /* Resources */,
				1D60588E0D05DD3D006BFB54 /* Sources */,
				1D60588F0D05DD3D006BFB54 /* Frameworks */,
			);
			buildRules = (
			);
			dependencies = (
				70BF16801A5A1BE3002AF62F /* PBXTargetDependency */,
				70BF16821A5A1BE3002AF62F /* PBXTargetDependency */,
			);
			name = CodeGenTestSuite;
			productName = CodeGenTestSuite;
			productReference = 1D6058910D05DD3D006BFB54 /* CodeGenTestSuite.app */;
			productType = "com.apple.product-type.application";
		};
/* End PBXNativeTarget section */

/* Begin PBXProject section */
		29B97313FDCFA39411CA2CEA /* Project object */ = {
			isa = PBXProject;
			attributes = {
			};
			buildConfigurationList = C01FCF4E08A954540054247B /* Build configuration list for PBXProject "CodeGenTestSuite" */;
			compatibilityVersion = "Xcode 3.1";
			developmentRegion = English;
			hasScannedForEncodings = 1;
			knownRegions = (
				English,
				Japanese,
				French,
				German,
			);
			mainGroup = 29B97314FDCFA39411CA2CEA /* CustomTemplate */;
			projectDirPath = "";
			projectReferences = (
				{
					ProductGroup = 7E27204E121259A200C0DEBF /* Products */;
					ProjectRef = 7E27204D121259A200C0DEBF /* CodeGen.xcodeproj */;
				},
				{
					ProductGroup = 705E54E91A58C4E1009E67F1 /* Products */;
					ProjectRef = 705E54E81A58C4E1009E67F1 /* Framework.xcodeproj */;
				},
			);
			projectRoot = "";
			targets = (
				1D6058900D05DD3D006BFB54 /* CodeGenTestSuite */,
			);
		};
/* End PBXProject section */

/* Begin PBXReferenceProxy section */
		705E54ED1A58C4E1009E67F1 /* libFramework.a */ = {
			isa = PBXReferenceProxy;
			fileType = archive.ar;
			path = libFramework.a;
			remoteRef = 705E54EC1A58C4E1009E67F1 /* PBXContainerItemProxy */;
			sourceTree = BUILT_PRODUCTS_DIR;
		};
		7E272052121259A200C0DEBF /* libCodeGen.a */ = {
			isa = PBXReferenceProxy;
			fileType = archive.ar;
			path = libCodeGen.a;
			remoteRef = 7E272051121259A200C0DEBF /* PBXContainerItemProxy */;
			sourceTree = BUILT_PRODUCTS_DIR;
		};
/* End PBXReferenceProxy section */

/* Begin PBXResourcesBuildPhase section */
		1D60588D0D05DD3D006BFB54 /* Resources */ = {
			isa = PBXResourcesBuildPhase;
			buildActionMask = 2147483647;
			files = (
				70C0EFBA1A59FA7F00227442 /* GeneralSettings.xcconfig in Resources */,
				70C0EFBB1A59FA7F00227442 /* GeneralSettingsDebug.xcconfig in Resources */,
				70C0EFBC1A59FA7F00227442 /* GeneralSettingsRelease.xcconfig in Resources */,
			);
			runOnlyForDeploymentPostprocessing = 0;
		};
/* End PBXResourcesBuildPhase section */

/* Begin PBXSourcesBuildPhase section */
		1D60588E0D05DD3D006BFB54 /* Sources */ = {
			isa = PBXSourcesBuildPhase;
			buildActionMask = 2147483647;
			files = (
				703093D117BE6804009662A1 /* Shift64Test.cpp in Sources */,
				7E2720451212598B00C0DEBF /* CompareTest.cpp in Sources */,
				7E2720461212598B00C0DEBF /* Crc32Test.cpp in Sources */,
				703093CD17BE67E8009662A1 /* Call64Test.cpp in Sources */,
				7E2720471212598B00C0DEBF /* FpuTest.cpp in Sources */,
				703D964B1AE497D000B3974D /* MdManipTest.cpp in Sources */,
				708ED2B91BBA073D00C49611 /* LogicTest.cpp in Sources */,
				70AD234E1B389DDA00137AA0 /* MdShiftTest.cpp in Sources */,
				705E55031A58C6B9009E67F1 /* Cmp64Test.cpp in Sources */,
				705E55061A58C6B9009E67F1 /* MdMemAccessTest.cpp in Sources */,
				705E55081A58C6B9009E67F1 /* MdUnpackTest.cpp in Sources */,
				7E2720481212598B00C0DEBF /* Main.cpp in Sources */,
				707A1F251D175A0C0062B6A6 /* AliasTest2.cpp in Sources */,
				7E2720491212598B00C0DEBF /* MultTest.cpp in Sources */,
				7E27204A1212598B00C0DEBF /* RandomAluTest.cpp in Sources */,
				70C01F331AC8D8BE004DA1B2 /* MdLogicTest.cpp in Sources */,
				705E55071A58C6B9009E67F1 /* MdSubTest.cpp in Sources */,
				703F73811AD0C60C00887F65 /* Merge64Test.cpp in Sources */,
				7E27204B1212598B00C0DEBF /* RandomAluTest2.cpp in Sources */,
				7061F1251E1C87BE00A30133 /* CursorTest.cpp in Sources */,
				7031AA4E1AED887C00FA7B53 /* NestedIfTest.cpp in Sources */,
				7E27204C1212598B00C0DEBF /* RandomAluTest3.cpp in Sources */,
				703093D017BE67F8009662A1 /* MdFpFlagTest.cpp in Sources */,
				7031AA4D1AED887C00FA7B53 /* MdAddTest.cpp in Sources */,
				7EE2D43A1228842C00C2C057 /* RegAllocTest.cpp in Sources */,
				703D964A1AE497D000B3974D /* MdCmpTest.cpp in Sources */,
				03E0AC3B1D629D5900346464 /* ConditionTest.cpp in Sources */,
				7EF8380512DAB5D300EA0F1C /* AliasTest.cpp in Sources */,
				704F23A51B0010DF009FD916 /* ShiftTest.cpp in Sources */,
				703093CC17BE67E5009662A1 /* Alu64Test.cpp in Sources */,
				70320D0B1A998CD3001E9C4B /* Logic64Test.cpp in Sources */,
				705E55091A58C6B9009E67F1 /* SimpleMdTest.cpp in Sources */,
				70AD234D1B389DDA00137AA0 /* DivTest.cpp in Sources */,
				7012497E1B02E930005F341A /* MdMinMaxTest.cpp in Sources */,
				7EF8380612DAB5D300EA0F1C /* FpIntMixTest.cpp in Sources */,
				7EF8380712DAB5D300EA0F1C /* MdFpTest.cpp in Sources */,
				703093CF17BE67F5009662A1 /* MdCallTest.cpp in Sources */,
				7EF8380812DAB5D300EA0F1C /* MdTest.cpp in Sources */,
				705E55051A58C6B9009E67F1 /* LzcTest.cpp in Sources */,
				7EF8380912DAB5D300EA0F1C /* MemAccessTest.cpp in Sources */,
				7E3018541341A22000FEAF04 /* HugeJumpTest.cpp in Sources */,
			);
			runOnlyForDeploymentPostprocessing = 0;
		};
/* End PBXSourcesBuildPhase section */

/* Begin PBXTargetDependency section */
		70BF16801A5A1BE3002AF62F /* PBXTargetDependency */ = {
			isa = PBXTargetDependency;
			name = CodeGen;
			targetProxy = 70BF167F1A5A1BE3002AF62F /* PBXContainerItemProxy */;
		};
		70BF16821A5A1BE3002AF62F /* PBXTargetDependency */ = {
			isa = PBXTargetDependency;
			name = Framework;
			targetProxy = 70BF16811A5A1BE3002AF62F /* PBXContainerItemProxy */;
		};
/* End PBXTargetDependency section */

/* Begin XCBuildConfiguration section */
		1D6058940D05DD3E006BFB54 /* Debug */ = {
			isa = XCBuildConfiguration;
			baseConfigurationReference = 70C0EFB71A59FA7F00227442 /* GeneralSettingsDebug.xcconfig */;
			buildSettings = {
				ALWAYS_SEARCH_USER_PATHS = NO;
				CODE_SIGN_IDENTITY = "iPhone Developer";
				COPY_PHASE_STRIP = NO;
				INFOPLIST_FILE = "CodeGenTestSuite-Info.plist";
				PRODUCT_NAME = CodeGenTestSuite;
			};
			name = Debug;
		};
		1D6058950D05DD3E006BFB54 /* Release */ = {
			isa = XCBuildConfiguration;
			baseConfigurationReference = 70C0EFB81A59FA7F00227442 /* GeneralSettingsRelease.xcconfig */;
			buildSettings = {
				ALWAYS_SEARCH_USER_PATHS = NO;
				CODE_SIGN_IDENTITY = "iPhone Developer";
				COPY_PHASE_STRIP = YES;
				INFOPLIST_FILE = "CodeGenTestSuite-Info.plist";
				PRODUCT_NAME = CodeGenTestSuite;
				VALIDATE_PRODUCT = YES;
			};
			name = Release;
		};
		C01FCF4F08A954540054247B /* Debug */ = {
			isa = XCBuildConfiguration;
			buildSettings = {
			};
			name = Debug;
		};
		C01FCF5008A954540054247B /* Release */ = {
			isa = XCBuildConfiguration;
			buildSettings = {
			};
			name = Release;
		};
/* End XCBuildConfiguration section */

/* Begin XCConfigurationList section */
		1D6058960D05DD3E006BFB54 /* Build configuration list for PBXNativeTarget "CodeGenTestSuite" */ = {
			isa = XCConfigurationList;
			buildConfigurations = (
				1D6058940D05DD3E006BFB54 /* Debug */,
				1D6058950D05DD3E006BFB54 /* Release */,
			);
			defaultConfigurationIsVisible = 0;
			defaultConfigurationName = Release;
		};
		C01FCF4E08A954540054247B /* Build configuration list for PBXProject "CodeGenTestSuite" */ = {
			isa = XCConfigurationList;
			buildConfigurations = (
				C01FCF4F08A954540054247B /* Debug */,
				C01FCF5008A954540054247B /* Release */,
			);
			defaultConfigurationIsVisible = 0;
			defaultConfigurationName = Release;
		};
/* End XCConfigurationList section */
	};
	rootObject = 29B97313FDCFA39411CA2CEA /* Project object */;
}
