// !$*UTF8*$!
{
	archiveVersion = 1;
	classes = {
	};
	objectVersion = 46;
	objects = {

/* Begin PBXBuildFile section */
		70BFC5111A5607BF0094CD9F /* CodeGen_Prefix.pch in Headers */ = {isa = PBXBuildFile; fileRef = 70BFC5101A5607BF0094CD9F /* CodeGen_Prefix.pch */; };
		7E207B441507D0CD00EE8C4F /* Jitter_CodeGen_x86_32.cpp in Sources */ = {isa = PBXBuildFile; fileRef = 7E207B291507D0CD00EE8C4F /* Jitter_CodeGen_x86_32.cpp */; };
		7E207B451507D0CD00EE8C4F /* Jitter_CodeGen_x86_64.cpp in Sources */ = {isa = PBXBuildFile; fileRef = 7E207B2A1507D0CD00EE8C4F /* Jitter_CodeGen_x86_64.cpp */; };
		7E207B461507D0CD00EE8C4F /* Jitter_CodeGen_x86_Alu.h in Headers */ = {isa = PBXBuildFile; fileRef = 7E207B2B1507D0CD00EE8C4F /* Jitter_CodeGen_x86_Alu.h */; };
		7E207B471507D0CD00EE8C4F /* Jitter_CodeGen_x86_Div.h in Headers */ = {isa = PBXBuildFile; fileRef = 7E207B2C1507D0CD00EE8C4F /* Jitter_CodeGen_x86_Div.h */; };
		7E207B481507D0CD00EE8C4F /* Jitter_CodeGen_x86_Fpu.cpp in Sources */ = {isa = PBXBuildFile; fileRef = 7E207B2D1507D0CD00EE8C4F /* Jitter_CodeGen_x86_Fpu.cpp */; };
		7E207B491507D0CD00EE8C4F /* Jitter_CodeGen_x86_Md.cpp in Sources */ = {isa = PBXBuildFile; fileRef = 7E207B2E1507D0CD00EE8C4F /* Jitter_CodeGen_x86_Md.cpp */; };
		7E207B4A1507D0CD00EE8C4F /* Jitter_CodeGen_x86_Mul.h in Headers */ = {isa = PBXBuildFile; fileRef = 7E207B2F1507D0CD00EE8C4F /* Jitter_CodeGen_x86_Mul.h */; };
		7E207B4B1507D0CD00EE8C4F /* Jitter_CodeGen_x86_Shift.h in Headers */ = {isa = PBXBuildFile; fileRef = 7E207B301507D0CD00EE8C4F /* Jitter_CodeGen_x86_Shift.h */; };
		7E207B4C1507D0CD00EE8C4F /* Jitter_CodeGen_x86.cpp in Sources */ = {isa = PBXBuildFile; fileRef = 7E207B311507D0CD00EE8C4F /* Jitter_CodeGen_x86.cpp */; };
		7E207B4D1507D0CD00EE8C4F /* Jitter_CodeGen.cpp in Sources */ = {isa = PBXBuildFile; fileRef = 7E207B321507D0CD00EE8C4F /* Jitter_CodeGen.cpp */; };
		7E207B4E1507D0CD00EE8C4F /* Jitter_CodeGenFactory.cpp in Sources */ = {isa = PBXBuildFile; fileRef = 7E207B331507D0CD00EE8C4F /* Jitter_CodeGenFactory.cpp */; };
		7E207B501507D0CD00EE8C4F /* Jitter_Optimize.cpp in Sources */ = {isa = PBXBuildFile; fileRef = 7E207B351507D0CD00EE8C4F /* Jitter_Optimize.cpp */; };
		7E207B511507D0CD00EE8C4F /* Jitter_RegAlloc.cpp in Sources */ = {isa = PBXBuildFile; fileRef = 7E207B361507D0CD00EE8C4F /* Jitter_RegAlloc.cpp */; };
		7E207B521507D0CD00EE8C4F /* Jitter_SymbolTable.cpp in Sources */ = {isa = PBXBuildFile; fileRef = 7E207B371507D0CD00EE8C4F /* Jitter_SymbolTable.cpp */; };
		7E207B531507D0CD00EE8C4F /* Jitter.cpp in Sources */ = {isa = PBXBuildFile; fileRef = 7E207B381507D0CD00EE8C4F /* Jitter.cpp */; };
		7E207B541507D0CD00EE8C4F /* MemoryFunction.cpp in Sources */ = {isa = PBXBuildFile; fileRef = 7E207B391507D0CD00EE8C4F /* MemoryFunction.cpp */; };
		7E207B551507D0CD00EE8C4F /* X86Assembler_Fpu.cpp in Sources */ = {isa = PBXBuildFile; fileRef = 7E207B3A1507D0CD00EE8C4F /* X86Assembler_Fpu.cpp */; };
		7E207B561507D0CD00EE8C4F /* X86Assembler_Sse.cpp in Sources */ = {isa = PBXBuildFile; fileRef = 7E207B3B1507D0CD00EE8C4F /* X86Assembler_Sse.cpp */; };
		7E207B571507D0CD00EE8C4F /* X86Assembler.cpp in Sources */ = {isa = PBXBuildFile; fileRef = 7E207B3C1507D0CD00EE8C4F /* X86Assembler.cpp */; };
		7E207B691507D0DA00EE8C4F /* ArrayStack.h in Headers */ = {isa = PBXBuildFile; fileRef = 7E207B5A1507D0DA00EE8C4F /* ArrayStack.h */; };
		7E207B6B1507D0DA00EE8C4F /* Jitter_CodeGen_x86_32.h in Headers */ = {isa = PBXBuildFile; fileRef = 7E207B5C1507D0DA00EE8C4F /* Jitter_CodeGen_x86_32.h */; };
		7E207B6C1507D0DA00EE8C4F /* Jitter_CodeGen_x86_64.h in Headers */ = {isa = PBXBuildFile; fileRef = 7E207B5D1507D0DA00EE8C4F /* Jitter_CodeGen_x86_64.h */; };
		7E207B6D1507D0DA00EE8C4F /* Jitter_CodeGen_x86.h in Headers */ = {isa = PBXBuildFile; fileRef = 7E207B5E1507D0DA00EE8C4F /* Jitter_CodeGen_x86.h */; };
		7E207B6E1507D0DA00EE8C4F /* Jitter_CodeGen.h in Headers */ = {isa = PBXBuildFile; fileRef = 7E207B5F1507D0DA00EE8C4F /* Jitter_CodeGen.h */; };
		7E207B6F1507D0DA00EE8C4F /* Jitter_CodeGenFactory.h in Headers */ = {isa = PBXBuildFile; fileRef = 7E207B601507D0DA00EE8C4F /* Jitter_CodeGenFactory.h */; };
		7E207B701507D0DA00EE8C4F /* Jitter_Statement.h in Headers */ = {isa = PBXBuildFile; fileRef = 7E207B611507D0DA00EE8C4F /* Jitter_Statement.h */; };
		7E207B711507D0DA00EE8C4F /* Jitter_Symbol.h in Headers */ = {isa = PBXBuildFile; fileRef = 7E207B621507D0DA00EE8C4F /* Jitter_Symbol.h */; };
		7E207B721507D0DA00EE8C4F /* Jitter_SymbolRef.h in Headers */ = {isa = PBXBuildFile; fileRef = 7E207B631507D0DA00EE8C4F /* Jitter_SymbolRef.h */; };
		7E207B731507D0DA00EE8C4F /* Jitter_SymbolTable.h in Headers */ = {isa = PBXBuildFile; fileRef = 7E207B641507D0DA00EE8C4F /* Jitter_SymbolTable.h */; };
		7E207B741507D0DA00EE8C4F /* Jitter.h in Headers */ = {isa = PBXBuildFile; fileRef = 7E207B651507D0DA00EE8C4F /* Jitter.h */; };
		7E207B751507D0DA00EE8C4F /* MemoryFunction.h in Headers */ = {isa = PBXBuildFile; fileRef = 7E207B661507D0DA00EE8C4F /* MemoryFunction.h */; };
		7E207B761507D0DA00EE8C4F /* X86Assembler.h in Headers */ = {isa = PBXBuildFile; fileRef = 7E207B671507D0DA00EE8C4F /* X86Assembler.h */; };
/* End PBXBuildFile section */

/* Begin PBXFileReference section */
		70BFC50D1A5536D50094CD9F /* GeneralSettings.xcconfig */ = {isa = PBXFileReference; fileEncoding = 4; lastKnownFileType = text.xcconfig; path = GeneralSettings.xcconfig; sourceTree = "<group>"; };
		70BFC50E1A5536D50094CD9F /* GeneralSettingsDebug.xcconfig */ = {isa = PBXFileReference; fileEncoding = 4; lastKnownFileType = text.xcconfig; path = GeneralSettingsDebug.xcconfig; sourceTree = "<group>"; };
		70BFC50F1A5536D50094CD9F /* GeneralSettingsRelease.xcconfig */ = {isa = PBXFileReference; fileEncoding = 4; lastKnownFileType = text.xcconfig; path = GeneralSettingsRelease.xcconfig; sourceTree = "<group>"; };
		70BFC5101A5607BF0094CD9F /* CodeGen_Prefix.pch */ = {isa = PBXFileReference; fileEncoding = 4; lastKnownFileType = sourcecode.c.h; path = CodeGen_Prefix.pch; sourceTree = "<group>"; };
		7E207AE31507D03500EE8C4F /* libCodeGen.a */ = {isa = PBXFileReference; explicitFileType = archive.ar; includeInIndex = 0; path = libCodeGen.a; sourceTree = BUILT_PRODUCTS_DIR; };
		7E207B291507D0CD00EE8C4F /* Jitter_CodeGen_x86_32.cpp */ = {isa = PBXFileReference; fileEncoding = 4; lastKnownFileType = sourcecode.cpp.cpp; name = Jitter_CodeGen_x86_32.cpp; path = ../src/Jitter_CodeGen_x86_32.cpp; sourceTree = "<group>"; };
		7E207B2A1507D0CD00EE8C4F /* Jitter_CodeGen_x86_64.cpp */ = {isa = PBXFileReference; fileEncoding = 4; lastKnownFileType = sourcecode.cpp.cpp; name = Jitter_CodeGen_x86_64.cpp; path = ../src/Jitter_CodeGen_x86_64.cpp; sourceTree = "<group>"; };
		7E207B2B1507D0CD00EE8C4F /* Jitter_CodeGen_x86_Alu.h */ = {isa = PBXFileReference; fileEncoding = 4; lastKnownFileType = sourcecode.c.h; name = Jitter_CodeGen_x86_Alu.h; path = ../src/Jitter_CodeGen_x86_Alu.h; sourceTree = "<group>"; };
		7E207B2C1507D0CD00EE8C4F /* Jitter_CodeGen_x86_Div.h */ = {isa = PBXFileReference; fileEncoding = 4; lastKnownFileType = sourcecode.c.h; name = Jitter_CodeGen_x86_Div.h; path = ../src/Jitter_CodeGen_x86_Div.h; sourceTree = "<group>"; };
		7E207B2D1507D0CD00EE8C4F /* Jitter_CodeGen_x86_Fpu.cpp */ = {isa = PBXFileReference; fileEncoding = 4; lastKnownFileType = sourcecode.cpp.cpp; name = Jitter_CodeGen_x86_Fpu.cpp; path = ../src/Jitter_CodeGen_x86_Fpu.cpp; sourceTree = "<group>"; };
		7E207B2E1507D0CD00EE8C4F /* Jitter_CodeGen_x86_Md.cpp */ = {isa = PBXFileReference; fileEncoding = 4; lastKnownFileType = sourcecode.cpp.cpp; name = Jitter_CodeGen_x86_Md.cpp; path = ../src/Jitter_CodeGen_x86_Md.cpp; sourceTree = "<group>"; };
		7E207B2F1507D0CD00EE8C4F /* Jitter_CodeGen_x86_Mul.h */ = {isa = PBXFileReference; fileEncoding = 4; lastKnownFileType = sourcecode.c.h; name = Jitter_CodeGen_x86_Mul.h; path = ../src/Jitter_CodeGen_x86_Mul.h; sourceTree = "<group>"; };
		7E207B301507D0CD00EE8C4F /* Jitter_CodeGen_x86_Shift.h */ = {isa = PBXFileReference; fileEncoding = 4; lastKnownFileType = sourcecode.c.h; name = Jitter_CodeGen_x86_Shift.h; path = ../src/Jitter_CodeGen_x86_Shift.h; sourceTree = "<group>"; };
		7E207B311507D0CD00EE8C4F /* Jitter_CodeGen_x86.cpp */ = {isa = PBXFileReference; fileEncoding = 4; lastKnownFileType = sourcecode.cpp.cpp; name = Jitter_CodeGen_x86.cpp; path = ../src/Jitter_CodeGen_x86.cpp; sourceTree = "<group>"; };
		7E207B321507D0CD00EE8C4F /* Jitter_CodeGen.cpp */ = {isa = PBXFileReference; fileEncoding = 4; lastKnownFileType = sourcecode.cpp.cpp; name = Jitter_CodeGen.cpp; path = ../src/Jitter_CodeGen.cpp; sourceTree = "<group>"; };
		7E207B331507D0CD00EE8C4F /* Jitter_CodeGenFactory.cpp */ = {isa = PBXFileReference; fileEncoding = 4; lastKnownFileType = sourcecode.cpp.cpp; name = Jitter_CodeGenFactory.cpp; path = ../src/Jitter_CodeGenFactory.cpp; sourceTree = "<group>"; };
		7E207B351507D0CD00EE8C4F /* Jitter_Optimize.cpp */ = {isa = PBXFileReference; fileEncoding = 4; lastKnownFileType = sourcecode.cpp.cpp; name = Jitter_Optimize.cpp; path = ../src/Jitter_Optimize.cpp; sourceTree = "<group>"; };
		7E207B361507D0CD00EE8C4F /* Jitter_RegAlloc.cpp */ = {isa = PBXFileReference; fileEncoding = 4; lastKnownFileType = sourcecode.cpp.cpp; name = Jitter_RegAlloc.cpp; path = ../src/Jitter_RegAlloc.cpp; sourceTree = "<group>"; };
		7E207B371507D0CD00EE8C4F /* Jitter_SymbolTable.cpp */ = {isa = PBXFileReference; fileEncoding = 4; lastKnownFileType = sourcecode.cpp.cpp; name = Jitter_SymbolTable.cpp; path = ../src/Jitter_SymbolTable.cpp; sourceTree = "<group>"; };
		7E207B381507D0CD00EE8C4F /* Jitter.cpp */ = {isa = PBXFileReference; fileEncoding = 4; lastKnownFileType = sourcecode.cpp.cpp; name = Jitter.cpp; path = ../src/Jitter.cpp; sourceTree = "<group>"; };
		7E207B391507D0CD00EE8C4F /* MemoryFunction.cpp */ = {isa = PBXFileReference; fileEncoding = 4; lastKnownFileType = sourcecode.cpp.cpp; name = MemoryFunction.cpp; path = ../src/MemoryFunction.cpp; sourceTree = "<group>"; };
		7E207B3A1507D0CD00EE8C4F /* X86Assembler_Fpu.cpp */ = {isa = PBXFileReference; fileEncoding = 4; lastKnownFileType = sourcecode.cpp.cpp; name = X86Assembler_Fpu.cpp; path = ../src/X86Assembler_Fpu.cpp; sourceTree = "<group>"; };
		7E207B3B1507D0CD00EE8C4F /* X86Assembler_Sse.cpp */ = {isa = PBXFileReference; fileEncoding = 4; lastKnownFileType = sourcecode.cpp.cpp; name = X86Assembler_Sse.cpp; path = ../src/X86Assembler_Sse.cpp; sourceTree = "<group>"; };
		7E207B3C1507D0CD00EE8C4F /* X86Assembler.cpp */ = {isa = PBXFileReference; fileEncoding = 4; lastKnownFileType = sourcecode.cpp.cpp; name = X86Assembler.cpp; path = ../src/X86Assembler.cpp; sourceTree = "<group>"; };
		7E207B5A1507D0DA00EE8C4F /* ArrayStack.h */ = {isa = PBXFileReference; fileEncoding = 4; lastKnownFileType = sourcecode.c.h; name = ArrayStack.h; path = ../include/ArrayStack.h; sourceTree = "<group>"; };
		7E207B5C1507D0DA00EE8C4F /* Jitter_CodeGen_x86_32.h */ = {isa = PBXFileReference; fileEncoding = 4; lastKnownFileType = sourcecode.c.h; name = Jitter_CodeGen_x86_32.h; path = ../include/Jitter_CodeGen_x86_32.h; sourceTree = "<group>"; };
		7E207B5D1507D0DA00EE8C4F /* Jitter_CodeGen_x86_64.h */ = {isa = PBXFileReference; fileEncoding = 4; lastKnownFileType = sourcecode.c.h; name = Jitter_CodeGen_x86_64.h; path = ../include/Jitter_CodeGen_x86_64.h; sourceTree = "<group>"; };
		7E207B5E1507D0DA00EE8C4F /* Jitter_CodeGen_x86.h */ = {isa = PBXFileReference; fileEncoding = 4; lastKnownFileType = sourcecode.c.h; name = Jitter_CodeGen_x86.h; path = ../include/Jitter_CodeGen_x86.h; sourceTree = "<group>"; };
		7E207B5F1507D0DA00EE8C4F /* Jitter_CodeGen.h */ = {isa = PBXFileReference; fileEncoding = 4; lastKnownFileType = sourcecode.c.h; name = Jitter_CodeGen.h; path = ../include/Jitter_CodeGen.h; sourceTree = "<group>"; };
		7E207B601507D0DA00EE8C4F /* Jitter_CodeGenFactory.h */ = {isa = PBXFileReference; fileEncoding = 4; lastKnownFileType = sourcecode.c.h; name = Jitter_CodeGenFactory.h; path = ../include/Jitter_CodeGenFactory.h; sourceTree = "<group>"; };
		7E207B611507D0DA00EE8C4F /* Jitter_Statement.h */ = {isa = PBXFileReference; fileEncoding = 4; lastKnownFileType = sourcecode.c.h; name = Jitter_Statement.h; path = ../include/Jitter_Statement.h; sourceTree = "<group>"; };
		7E207B621507D0DA00EE8C4F /* Jitter_Symbol.h */ = {isa = PBXFileReference; fileEncoding = 4; lastKnownFileType = sourcecode.c.h; name = Jitter_Symbol.h; path = ../include/Jitter_Symbol.h; sourceTree = "<group>"; };
		7E207B631507D0DA00EE8C4F /* Jitter_SymbolRef.h */ = {isa = PBXFileReference; fileEncoding = 4; lastKnownFileType = sourcecode.c.h; name = Jitter_SymbolRef.h; path = ../include/Jitter_SymbolRef.h; sourceTree = "<group>"; };
		7E207B641507D0DA00EE8C4F /* Jitter_SymbolTable.h */ = {isa = PBXFileReference; fileEncoding = 4; lastKnownFileType = sourcecode.c.h; name = Jitter_SymbolTable.h; path = ../include/Jitter_SymbolTable.h; sourceTree = "<group>"; };
		7E207B651507D0DA00EE8C4F /* Jitter.h */ = {isa = PBXFileReference; fileEncoding = 4; lastKnownFileType = sourcecode.c.h; name = Jitter.h; path = ../include/Jitter.h; sourceTree = "<group>"; };
		7E207B661507D0DA00EE8C4F /* MemoryFunction.h */ = {isa = PBXFileReference; fileEncoding = 4; lastKnownFileType = sourcecode.c.h; name = MemoryFunction.h; path = ../include/MemoryFunction.h; sourceTree = "<group>"; };
		7E207B671507D0DA00EE8C4F /* X86Assembler.h */ = {isa = PBXFileReference; fileEncoding = 4; lastKnownFileType = sourcecode.c.h; name = X86Assembler.h; path = ../include/X86Assembler.h; sourceTree = "<group>"; };
/* End PBXFileReference section */

/* Begin PBXFrameworksBuildPhase section */
		7E207AE01507D03500EE8C4F /* Frameworks */ = {
			isa = PBXFrameworksBuildPhase;
			buildActionMask = 2147483647;
			files = (
			);
			runOnlyForDeploymentPostprocessing = 0;
		};
/* End PBXFrameworksBuildPhase section */

/* Begin PBXGroup section */
		70BFC5121A560A100094CD9F /* Config */ = {
			isa = PBXGroup;
			children = (
				70BFC50D1A5536D50094CD9F /* GeneralSettings.xcconfig */,
				70BFC50E1A5536D50094CD9F /* GeneralSettingsDebug.xcconfig */,
				70BFC50F1A5536D50094CD9F /* GeneralSettingsRelease.xcconfig */,
			);
			name = Config;
			sourceTree = "<group>";
		};
		70C0EF821A593A9A00227442 /* Source */ = {
			isa = PBXGroup;
			children = (
				7E207B5A1507D0DA00EE8C4F /* ArrayStack.h */,
				70BFC5101A5607BF0094CD9F /* CodeGen_Prefix.pch */,
				7E207B291507D0CD00EE8C4F /* Jitter_CodeGen_x86_32.cpp */,
				7E207B5C1507D0DA00EE8C4F /* Jitter_CodeGen_x86_32.h */,
				7E207B2A1507D0CD00EE8C4F /* Jitter_CodeGen_x86_64.cpp */,
				7E207B5D1507D0DA00EE8C4F /* Jitter_CodeGen_x86_64.h */,
				7E207B2B1507D0CD00EE8C4F /* Jitter_CodeGen_x86_Alu.h */,
				7E207B2C1507D0CD00EE8C4F /* Jitter_CodeGen_x86_Div.h */,
				7E207B2D1507D0CD00EE8C4F /* Jitter_CodeGen_x86_Fpu.cpp */,
				7E207B2E1507D0CD00EE8C4F /* Jitter_CodeGen_x86_Md.cpp */,
				7E207B2F1507D0CD00EE8C4F /* Jitter_CodeGen_x86_Mul.h */,
				7E207B301507D0CD00EE8C4F /* Jitter_CodeGen_x86_Shift.h */,
				7E207B311507D0CD00EE8C4F /* Jitter_CodeGen_x86.cpp */,
				7E207B5E1507D0DA00EE8C4F /* Jitter_CodeGen_x86.h */,
				7E207B321507D0CD00EE8C4F /* Jitter_CodeGen.cpp */,
				7E207B5F1507D0DA00EE8C4F /* Jitter_CodeGen.h */,
				7E207B331507D0CD00EE8C4F /* Jitter_CodeGenFactory.cpp */,
				7E207B601507D0DA00EE8C4F /* Jitter_CodeGenFactory.h */,
				7E207B351507D0CD00EE8C4F /* Jitter_Optimize.cpp */,
				7E207B361507D0CD00EE8C4F /* Jitter_RegAlloc.cpp */,
				7E207B611507D0DA00EE8C4F /* Jitter_Statement.h */,
				7E207B621507D0DA00EE8C4F /* Jitter_Symbol.h */,
				7E207B631507D0DA00EE8C4F /* Jitter_SymbolRef.h */,
				7E207B371507D0CD00EE8C4F /* Jitter_SymbolTable.cpp */,
				7E207B641507D0DA00EE8C4F /* Jitter_SymbolTable.h */,
				7E207B381507D0CD00EE8C4F /* Jitter.cpp */,
				7E207B651507D0DA00EE8C4F /* Jitter.h */,
				7E207B391507D0CD00EE8C4F /* MemoryFunction.cpp */,
				7E207B661507D0DA00EE8C4F /* MemoryFunction.h */,
				7E207B3A1507D0CD00EE8C4F /* X86Assembler_Fpu.cpp */,
				7E207B3B1507D0CD00EE8C4F /* X86Assembler_Sse.cpp */,
				7E207B3C1507D0CD00EE8C4F /* X86Assembler.cpp */,
				7E207B671507D0DA00EE8C4F /* X86Assembler.h */,
			);
			name = Source;
			sourceTree = "<group>";
		};
		7E207AD81507D03500EE8C4F = {
			isa = PBXGroup;
			children = (
				70BFC5121A560A100094CD9F /* Config */,
				7E207AE41507D03500EE8C4F /* Products */,
				70C0EF821A593A9A00227442 /* Source */,
			);
			sourceTree = "<group>";
		};
		7E207AE41507D03500EE8C4F /* Products */ = {
			isa = PBXGroup;
			children = (
				7E207AE31507D03500EE8C4F /* libCodeGen.a */,
			);
			name = Products;
			sourceTree = "<group>";
		};
/* End PBXGroup section */

/* Begin PBXHeadersBuildPhase section */
		7E207AE11507D03500EE8C4F /* Headers */ = {
			isa = PBXHeadersBuildPhase;
			buildActionMask = 2147483647;
			files = (
				7E207B461507D0CD00EE8C4F /* Jitter_CodeGen_x86_Alu.h in Headers */,
				7E207B471507D0CD00EE8C4F /* Jitter_CodeGen_x86_Div.h in Headers */,
				7E207B4A1507D0CD00EE8C4F /* Jitter_CodeGen_x86_Mul.h in Headers */,
				7E207B4B1507D0CD00EE8C4F /* Jitter_CodeGen_x86_Shift.h in Headers */,
				7E207B691507D0DA00EE8C4F /* ArrayStack.h in Headers */,
				70BFC5111A5607BF0094CD9F /* CodeGen_Prefix.pch in Headers */,
				7E207B6B1507D0DA00EE8C4F /* Jitter_CodeGen_x86_32.h in Headers */,
				7E207B6C1507D0DA00EE8C4F /* Jitter_CodeGen_x86_64.h in Headers */,
				7E207B6D1507D0DA00EE8C4F /* Jitter_CodeGen_x86.h in Headers */,
				7E207B6E1507D0DA00EE8C4F /* Jitter_CodeGen.h in Headers */,
				7E207B6F1507D0DA00EE8C4F /* Jitter_CodeGenFactory.h in Headers */,
				7E207B701507D0DA00EE8C4F /* Jitter_Statement.h in Headers */,
				7E207B711507D0DA00EE8C4F /* Jitter_Symbol.h in Headers */,
				7E207B721507D0DA00EE8C4F /* Jitter_SymbolRef.h in Headers */,
				7E207B731507D0DA00EE8C4F /* Jitter_SymbolTable.h in Headers */,
				7E207B741507D0DA00EE8C4F /* Jitter.h in Headers */,
				7E207B751507D0DA00EE8C4F /* MemoryFunction.h in Headers */,
				7E207B761507D0DA00EE8C4F /* X86Assembler.h in Headers */,
			);
			runOnlyForDeploymentPostprocessing = 0;
		};
/* End PBXHeadersBuildPhase section */

/* Begin PBXNativeTarget section */
		7E207AE21507D03500EE8C4F /* CodeGen */ = {
			isa = PBXNativeTarget;
			buildConfigurationList = 7E207AE71507D03500EE8C4F /* Build configuration list for PBXNativeTarget "CodeGen" */;
			buildPhases = (
				7E207ADF1507D03500EE8C4F /* Sources */,
				7E207AE01507D03500EE8C4F /* Frameworks */,
				7E207AE11507D03500EE8C4F /* Headers */,
			);
			buildRules = (
			);
			dependencies = (
			);
			name = CodeGen;
			productName = CodeGen;
			productReference = 7E207AE31507D03500EE8C4F /* libCodeGen.a */;
			productType = "com.apple.product-type.library.static";
		};
/* End PBXNativeTarget section */

/* Begin PBXProject section */
		7E207ADA1507D03500EE8C4F /* Project object */ = {
			isa = PBXProject;
			attributes = {
				LastUpgradeCheck = 0600;
			};
			buildConfigurationList = 7E207ADD1507D03500EE8C4F /* Build configuration list for PBXProject "CodeGen" */;
			compatibilityVersion = "Xcode 3.2";
			developmentRegion = English;
			hasScannedForEncodings = 0;
			knownRegions = (
				en,
			);
			mainGroup = 7E207AD81507D03500EE8C4F;
			productRefGroup = 7E207AE41507D03500EE8C4F /* Products */;
			projectDirPath = "";
			projectRoot = "";
			targets = (
				7E207AE21507D03500EE8C4F /* CodeGen */,
			);
		};
/* End PBXProject section */

/* Begin PBXSourcesBuildPhase section */
		7E207ADF1507D03500EE8C4F /* Sources */ = {
			isa = PBXSourcesBuildPhase;
			buildActionMask = 2147483647;
			files = (
				7E207B441507D0CD00EE8C4F /* Jitter_CodeGen_x86_32.cpp in Sources */,
				7E207B451507D0CD00EE8C4F /* Jitter_CodeGen_x86_64.cpp in Sources */,
				7E207B481507D0CD00EE8C4F /* Jitter_CodeGen_x86_Fpu.cpp in Sources */,
				7E207B491507D0CD00EE8C4F /* Jitter_CodeGen_x86_Md.cpp in Sources */,
				7E207B4C1507D0CD00EE8C4F /* Jitter_CodeGen_x86.cpp in Sources */,
				7E207B4D1507D0CD00EE8C4F /* Jitter_CodeGen.cpp in Sources */,
				7E207B4E1507D0CD00EE8C4F /* Jitter_CodeGenFactory.cpp in Sources */,
				7E207B501507D0CD00EE8C4F /* Jitter_Optimize.cpp in Sources */,
				7E207B511507D0CD00EE8C4F /* Jitter_RegAlloc.cpp in Sources */,
				7E207B521507D0CD00EE8C4F /* Jitter_SymbolTable.cpp in Sources */,
				7E207B531507D0CD00EE8C4F /* Jitter.cpp in Sources */,
				7E207B541507D0CD00EE8C4F /* MemoryFunction.cpp in Sources */,
				7E207B551507D0CD00EE8C4F /* X86Assembler_Fpu.cpp in Sources */,
				7E207B561507D0CD00EE8C4F /* X86Assembler_Sse.cpp in Sources */,
				7E207B571507D0CD00EE8C4F /* X86Assembler.cpp in Sources */,
			);
			runOnlyForDeploymentPostprocessing = 0;
		};
/* End PBXSourcesBuildPhase section */

/* Begin XCBuildConfiguration section */
		7E207AE51507D03500EE8C4F /* Debug */ = {
			isa = XCBuildConfiguration;
			buildSettings = {
				COPY_PHASE_STRIP = NO;
				GCC_DYNAMIC_NO_PIC = NO;
				GCC_ENABLE_OBJC_EXCEPTIONS = YES;
				ONLY_ACTIVE_ARCH = YES;
				SDKROOT = macosx;
			};
			name = Debug;
		};
		7E207AE61507D03500EE8C4F /* Release */ = {
			isa = XCBuildConfiguration;
			buildSettings = {
				COPY_PHASE_STRIP = YES;
				GCC_ENABLE_OBJC_EXCEPTIONS = YES;
				SDKROOT = macosx;
			};
			name = Release;
		};
		7E207AE81507D03500EE8C4F /* Debug */ = {
			isa = XCBuildConfiguration;
			baseConfigurationReference = 70BFC50E1A5536D50094CD9F /* GeneralSettingsDebug.xcconfig */;
			buildSettings = {
				EXECUTABLE_PREFIX = lib;
				PRODUCT_NAME = "$(TARGET_NAME)";
			};
			name = Debug;
		};
		7E207AE91507D03500EE8C4F /* Release */ = {
			isa = XCBuildConfiguration;
			baseConfigurationReference = 70BFC50F1A5536D50094CD9F /* GeneralSettingsRelease.xcconfig */;
			buildSettings = {
				EXECUTABLE_PREFIX = lib;
				PRODUCT_NAME = "$(TARGET_NAME)";
			};
			name = Release;
		};
/* End XCBuildConfiguration section */

/* Begin XCConfigurationList section */
		7E207ADD1507D03500EE8C4F /* Build configuration list for PBXProject "CodeGen" */ = {
			isa = XCConfigurationList;
			buildConfigurations = (
				7E207AE51507D03500EE8C4F /* Debug */,
				7E207AE61507D03500EE8C4F /* Release */,
			);
			defaultConfigurationIsVisible = 0;
			defaultConfigurationName = Release;
		};
		7E207AE71507D03500EE8C4F /* Build configuration list for PBXNativeTarget "CodeGen" */ = {
			isa = XCConfigurationList;
			buildConfigurations = (
				7E207AE81507D03500EE8C4F /* Debug */,
				7E207AE91507D03500EE8C4F /* Release */,
			);
			defaultConfigurationIsVisible = 0;
			defaultConfigurationName = Release;
		};
/* End XCConfigurationList section */
	};
	rootObject = 7E207ADA1507D03500EE8C4F /* Project object */;
}
