// !$*UTF8*$!
{
	archiveVersion = 1;
	classes = {
	};
	objectVersion = 46;
	objects = {

/* Begin PBXBuildFile section */
		703093D317BE6844009662A1 /* Jitter_CodeGen_x86_Md.cpp in Sources */ = {isa = PBXBuildFile; fileRef = 703093D217BE6844009662A1 /* Jitter_CodeGen_x86_Md.cpp */; };
		703DF0291A5A2C4C001C1205 /* ObjectFile.cpp in Sources */ = {isa = PBXBuildFile; fileRef = 7099CCA717C63E930035D19A /* ObjectFile.cpp */; };
		705E54F41A58C5D6009E67F1 /* Jitter_Statement.cpp in Sources */ = {isa = PBXBuildFile; fileRef = 705E54F11A58C5D6009E67F1 /* Jitter_Statement.cpp */; };
		7077C9791C0D27B100F2F1BA /* Jitter_CodeGen_AArch64_64.cpp in Sources */ = {isa = PBXBuildFile; fileRef = 7077C9781C0D27B100F2F1BA /* Jitter_CodeGen_AArch64_64.cpp */; };
		707849AF1BFEC67100857554 /* Jitter_CodeGen_AArch64_Md.cpp in Sources */ = {isa = PBXBuildFile; fileRef = 707849AE1BFEC67100857554 /* Jitter_CodeGen_AArch64_Md.cpp */; };
		70BD0BDC1C160179007F8861 /* Jitter_CodeGen_AArch64_Fpu.cpp in Sources */ = {isa = PBXBuildFile; fileRef = 70BD0BDB1C160179007F8861 /* Jitter_CodeGen_AArch64_Fpu.cpp */; };
		70C8CADA1B9D7A6200F02FD5 /* AArch32Assembler.cpp in Sources */ = {isa = PBXBuildFile; fileRef = 70C8CAD31B9D7A6200F02FD5 /* AArch32Assembler.cpp */; };
		70C8CADB1B9D7A6200F02FD5 /* Jitter_CodeGen_AArch32_64.cpp in Sources */ = {isa = PBXBuildFile; fileRef = 70C8CAD41B9D7A6200F02FD5 /* Jitter_CodeGen_AArch32_64.cpp */; };
		70C8CADC1B9D7A6200F02FD5 /* Jitter_CodeGen_AArch32_Div.h in Headers */ = {isa = PBXBuildFile; fileRef = 70C8CAD51B9D7A6200F02FD5 /* Jitter_CodeGen_AArch32_Div.h */; };
		70C8CADD1B9D7A6200F02FD5 /* Jitter_CodeGen_AArch32_Fpu.cpp in Sources */ = {isa = PBXBuildFile; fileRef = 70C8CAD61B9D7A6200F02FD5 /* Jitter_CodeGen_AArch32_Fpu.cpp */; };
		70C8CADE1B9D7A6200F02FD5 /* Jitter_CodeGen_AArch32_Md.cpp in Sources */ = {isa = PBXBuildFile; fileRef = 70C8CAD71B9D7A6200F02FD5 /* Jitter_CodeGen_AArch32_Md.cpp */; };
		70C8CADF1B9D7A6200F02FD5 /* Jitter_CodeGen_AArch32.cpp in Sources */ = {isa = PBXBuildFile; fileRef = 70C8CAD81B9D7A6200F02FD5 /* Jitter_CodeGen_AArch32.cpp */; };
		70C8CAE01B9D7A6200F02FD5 /* Jitter_CodeGen_AArch64.cpp in Sources */ = {isa = PBXBuildFile; fileRef = 70C8CAD91B9D7A6200F02FD5 /* Jitter_CodeGen_AArch64.cpp */; };
		70C8CAE41B9D7A6E00F02FD5 /* AArch32Assembler.h in Headers */ = {isa = PBXBuildFile; fileRef = 70C8CAE11B9D7A6E00F02FD5 /* AArch32Assembler.h */; };
		70C8CAE51B9D7A6E00F02FD5 /* Jitter_CodeGen_AArch32.h in Headers */ = {isa = PBXBuildFile; fileRef = 70C8CAE21B9D7A6E00F02FD5 /* Jitter_CodeGen_AArch32.h */; };
		70C8CAE61B9D7A6E00F02FD5 /* Jitter_CodeGen_AArch64.h in Headers */ = {isa = PBXBuildFile; fileRef = 70C8CAE31B9D7A6E00F02FD5 /* Jitter_CodeGen_AArch64.h */; };
		70C8CAE81B9DD60E00F02FD5 /* AArch64Assembler.cpp in Sources */ = {isa = PBXBuildFile; fileRef = 70C8CAE71B9DD60E00F02FD5 /* AArch64Assembler.cpp */; };
		70C8CAEA1B9DD61900F02FD5 /* AArch64Assembler.h in Headers */ = {isa = PBXBuildFile; fileRef = 70C8CAE91B9DD61900F02FD5 /* AArch64Assembler.h */; };
		7E271F8C121256B300C0DEBF /* Jitter_CodeGen_x86_32.cpp in Sources */ = {isa = PBXBuildFile; fileRef = 7E271F78121256B300C0DEBF /* Jitter_CodeGen_x86_32.cpp */; };
		7E271F8D121256B300C0DEBF /* Jitter_CodeGen_x86_64.cpp in Sources */ = {isa = PBXBuildFile; fileRef = 7E271F79121256B300C0DEBF /* Jitter_CodeGen_x86_64.cpp */; };
		7E271F8E121256B300C0DEBF /* Jitter_CodeGen_x86_Alu.h in Headers */ = {isa = PBXBuildFile; fileRef = 7E271F7A121256B300C0DEBF /* Jitter_CodeGen_x86_Alu.h */; };
		7E271F8F121256B300C0DEBF /* Jitter_CodeGen_x86_Div.h in Headers */ = {isa = PBXBuildFile; fileRef = 7E271F7B121256B300C0DEBF /* Jitter_CodeGen_x86_Div.h */; };
		7E271F90121256B300C0DEBF /* Jitter_CodeGen_x86_Fpu.cpp in Sources */ = {isa = PBXBuildFile; fileRef = 7E271F7C121256B300C0DEBF /* Jitter_CodeGen_x86_Fpu.cpp */; };
		7E271F91121256B300C0DEBF /* Jitter_CodeGen_x86_Mul.h in Headers */ = {isa = PBXBuildFile; fileRef = 7E271F7D121256B300C0DEBF /* Jitter_CodeGen_x86_Mul.h */; };
		7E271F92121256B300C0DEBF /* Jitter_CodeGen_x86_Shift.h in Headers */ = {isa = PBXBuildFile; fileRef = 7E271F7E121256B300C0DEBF /* Jitter_CodeGen_x86_Shift.h */; };
		7E271F93121256B300C0DEBF /* Jitter_CodeGen_x86.cpp in Sources */ = {isa = PBXBuildFile; fileRef = 7E271F7F121256B300C0DEBF /* Jitter_CodeGen_x86.cpp */; };
		7E271F94121256B300C0DEBF /* Jitter_CodeGen.cpp in Sources */ = {isa = PBXBuildFile; fileRef = 7E271F80121256B300C0DEBF /* Jitter_CodeGen.cpp */; };
		7E271F95121256B300C0DEBF /* Jitter_CodeGenFactory.cpp in Sources */ = {isa = PBXBuildFile; fileRef = 7E271F81121256B300C0DEBF /* Jitter_CodeGenFactory.cpp */; };
		7E271F96121256B300C0DEBF /* Jitter_Optimize.cpp in Sources */ = {isa = PBXBuildFile; fileRef = 7E271F82121256B300C0DEBF /* Jitter_Optimize.cpp */; };
		7E271F97121256B300C0DEBF /* Jitter_SymbolTable.cpp in Sources */ = {isa = PBXBuildFile; fileRef = 7E271F83121256B300C0DEBF /* Jitter_SymbolTable.cpp */; };
		7E271F98121256B300C0DEBF /* Jitter.cpp in Sources */ = {isa = PBXBuildFile; fileRef = 7E271F84121256B300C0DEBF /* Jitter.cpp */; };
		7E271F99121256B300C0DEBF /* MemoryFunction.cpp in Sources */ = {isa = PBXBuildFile; fileRef = 7E271F85121256B300C0DEBF /* MemoryFunction.cpp */; };
		7E271F9A121256B300C0DEBF /* X86Assembler_Fpu.cpp in Sources */ = {isa = PBXBuildFile; fileRef = 7E271F86121256B300C0DEBF /* X86Assembler_Fpu.cpp */; };
		7E271F9B121256B300C0DEBF /* X86Assembler_Sse.cpp in Sources */ = {isa = PBXBuildFile; fileRef = 7E271F87121256B300C0DEBF /* X86Assembler_Sse.cpp */; };
		7E271F9C121256B300C0DEBF /* X86Assembler.cpp in Sources */ = {isa = PBXBuildFile; fileRef = 7E271F88121256B300C0DEBF /* X86Assembler.cpp */; };
		7E271FAD121256BB00C0DEBF /* ArrayStack.h in Headers */ = {isa = PBXBuildFile; fileRef = 7E271F9E121256BB00C0DEBF /* ArrayStack.h */; };
		7E271FAF121256BB00C0DEBF /* Jitter_CodeGen_x86_32.h in Headers */ = {isa = PBXBuildFile; fileRef = 7E271FA0121256BB00C0DEBF /* Jitter_CodeGen_x86_32.h */; };
		7E271FB0121256BB00C0DEBF /* Jitter_CodeGen_x86_64.h in Headers */ = {isa = PBXBuildFile; fileRef = 7E271FA1121256BB00C0DEBF /* Jitter_CodeGen_x86_64.h */; };
		7E271FB1121256BB00C0DEBF /* Jitter_CodeGen_x86.h in Headers */ = {isa = PBXBuildFile; fileRef = 7E271FA2121256BB00C0DEBF /* Jitter_CodeGen_x86.h */; };
		7E271FB2121256BB00C0DEBF /* Jitter_CodeGen.h in Headers */ = {isa = PBXBuildFile; fileRef = 7E271FA3121256BB00C0DEBF /* Jitter_CodeGen.h */; };
		7E271FB3121256BB00C0DEBF /* Jitter_CodeGenFactory.h in Headers */ = {isa = PBXBuildFile; fileRef = 7E271FA4121256BB00C0DEBF /* Jitter_CodeGenFactory.h */; };
		7E271FB4121256BB00C0DEBF /* Jitter_Statement.h in Headers */ = {isa = PBXBuildFile; fileRef = 7E271FA5121256BB00C0DEBF /* Jitter_Statement.h */; };
		7E271FB5121256BB00C0DEBF /* Jitter_Symbol.h in Headers */ = {isa = PBXBuildFile; fileRef = 7E271FA6121256BB00C0DEBF /* Jitter_Symbol.h */; };
		7E271FB6121256BB00C0DEBF /* Jitter_SymbolRef.h in Headers */ = {isa = PBXBuildFile; fileRef = 7E271FA7121256BB00C0DEBF /* Jitter_SymbolRef.h */; };
		7E271FB7121256BB00C0DEBF /* Jitter_SymbolTable.h in Headers */ = {isa = PBXBuildFile; fileRef = 7E271FA8121256BB00C0DEBF /* Jitter_SymbolTable.h */; };
		7E271FB8121256BB00C0DEBF /* Jitter.h in Headers */ = {isa = PBXBuildFile; fileRef = 7E271FA9121256BB00C0DEBF /* Jitter.h */; };
		7E271FB9121256BB00C0DEBF /* MemoryFunction.h in Headers */ = {isa = PBXBuildFile; fileRef = 7E271FAA121256BB00C0DEBF /* MemoryFunction.h */; };
		7E271FBA121256BB00C0DEBF /* X86Assembler.h in Headers */ = {isa = PBXBuildFile; fileRef = 7E271FAB121256BB00C0DEBF /* X86Assembler.h */; };
		7EF45DE912A0E43A00A991AB /* Jitter_RegAlloc.cpp in Sources */ = {isa = PBXBuildFile; fileRef = 7EF45DE812A0E43A00A991AB /* Jitter_RegAlloc.cpp */; };
		AA747D9F0F9514B9006C5449 /* CodeGen_Prefix.pch in Headers */ = {isa = PBXBuildFile; fileRef = AA747D9E0F9514B9006C5449 /* CodeGen_Prefix.pch */; };
		AACBBE4A0F95108600F1A2B1 /* Foundation.framework in Frameworks */ = {isa = PBXBuildFile; fileRef = AACBBE490F95108600F1A2B1 /* Foundation.framework */; };
/* End PBXBuildFile section */

/* Begin PBXFileReference section */
		703093D217BE6844009662A1 /* Jitter_CodeGen_x86_Md.cpp */ = {isa = PBXFileReference; fileEncoding = 4; lastKnownFileType = sourcecode.cpp.cpp; name = Jitter_CodeGen_x86_Md.cpp; path = ../src/Jitter_CodeGen_x86_Md.cpp; sourceTree = "<group>"; };
		705E54F11A58C5D6009E67F1 /* Jitter_Statement.cpp */ = {isa = PBXFileReference; fileEncoding = 4; lastKnownFileType = sourcecode.cpp.cpp; name = Jitter_Statement.cpp; path = ../src/Jitter_Statement.cpp; sourceTree = "<group>"; };
		7077C9781C0D27B100F2F1BA /* Jitter_CodeGen_AArch64_64.cpp */ = {isa = PBXFileReference; fileEncoding = 4; lastKnownFileType = sourcecode.cpp.cpp; name = Jitter_CodeGen_AArch64_64.cpp; path = ../src/Jitter_CodeGen_AArch64_64.cpp; sourceTree = "<group>"; };
		707849AE1BFEC67100857554 /* Jitter_CodeGen_AArch64_Md.cpp */ = {isa = PBXFileReference; fileEncoding = 4; lastKnownFileType = sourcecode.cpp.cpp; name = Jitter_CodeGen_AArch64_Md.cpp; path = ../src/Jitter_CodeGen_AArch64_Md.cpp; sourceTree = "<group>"; };
		7099CCA517C63E930035D19A /* CoffObjectFile.cpp */ = {isa = PBXFileReference; lastKnownFileType = sourcecode.cpp.cpp; name = CoffObjectFile.cpp; path = ../src/CoffObjectFile.cpp; sourceTree = "<group>"; };
		7099CCA617C63E930035D19A /* MachoObjectFile.cpp */ = {isa = PBXFileReference; lastKnownFileType = sourcecode.cpp.cpp; name = MachoObjectFile.cpp; path = ../src/MachoObjectFile.cpp; sourceTree = "<group>"; };
		7099CCA717C63E930035D19A /* ObjectFile.cpp */ = {isa = PBXFileReference; lastKnownFileType = sourcecode.cpp.cpp; name = ObjectFile.cpp; path = ../src/ObjectFile.cpp; sourceTree = "<group>"; };
		7099CCA817C63E9C0035D19A /* CoffDefs.h */ = {isa = PBXFileReference; lastKnownFileType = sourcecode.c.h; name = CoffDefs.h; path = ../include/CoffDefs.h; sourceTree = "<group>"; };
		7099CCA917C63E9C0035D19A /* CoffObjectFile.h */ = {isa = PBXFileReference; lastKnownFileType = sourcecode.c.h; name = CoffObjectFile.h; path = ../include/CoffObjectFile.h; sourceTree = "<group>"; };
		7099CCAA17C63E9C0035D19A /* MachoDefs.h */ = {isa = PBXFileReference; lastKnownFileType = sourcecode.c.h; name = MachoDefs.h; path = ../include/MachoDefs.h; sourceTree = "<group>"; };
		7099CCAB17C63E9C0035D19A /* MachoObjectFile.h */ = {isa = PBXFileReference; lastKnownFileType = sourcecode.c.h; name = MachoObjectFile.h; path = ../include/MachoObjectFile.h; sourceTree = "<group>"; };
		7099CCAC17C63E9C0035D19A /* ObjectFile.h */ = {isa = PBXFileReference; lastKnownFileType = sourcecode.c.h; name = ObjectFile.h; path = ../include/ObjectFile.h; sourceTree = "<group>"; };
		70BD0BDB1C160179007F8861 /* Jitter_CodeGen_AArch64_Fpu.cpp */ = {isa = PBXFileReference; fileEncoding = 4; lastKnownFileType = sourcecode.cpp.cpp; name = Jitter_CodeGen_AArch64_Fpu.cpp; path = ../src/Jitter_CodeGen_AArch64_Fpu.cpp; sourceTree = "<group>"; };
		70C0EF7B1A59395500227442 /* GeneralSettings.xcconfig */ = {isa = PBXFileReference; fileEncoding = 4; lastKnownFileType = text.xcconfig; path = GeneralSettings.xcconfig; sourceTree = "<group>"; };
		70C0EF7C1A59395500227442 /* GeneralSettingsDebug.xcconfig */ = {isa = PBXFileReference; fileEncoding = 4; lastKnownFileType = text.xcconfig; path = GeneralSettingsDebug.xcconfig; sourceTree = "<group>"; };
		70C0EF7D1A59395500227442 /* GeneralSettingsRelease.xcconfig */ = {isa = PBXFileReference; fileEncoding = 4; lastKnownFileType = text.xcconfig; path = GeneralSettingsRelease.xcconfig; sourceTree = "<group>"; };
		70C8CAD31B9D7A6200F02FD5 /* AArch32Assembler.cpp */ = {isa = PBXFileReference; fileEncoding = 4; lastKnownFileType = sourcecode.cpp.cpp; name = AArch32Assembler.cpp; path = ../src/AArch32Assembler.cpp; sourceTree = "<group>"; };
		70C8CAD41B9D7A6200F02FD5 /* Jitter_CodeGen_AArch32_64.cpp */ = {isa = PBXFileReference; fileEncoding = 4; lastKnownFileType = sourcecode.cpp.cpp; name = Jitter_CodeGen_AArch32_64.cpp; path = ../src/Jitter_CodeGen_AArch32_64.cpp; sourceTree = "<group>"; };
		70C8CAD51B9D7A6200F02FD5 /* Jitter_CodeGen_AArch32_Div.h */ = {isa = PBXFileReference; fileEncoding = 4; lastKnownFileType = sourcecode.c.h; name = Jitter_CodeGen_AArch32_Div.h; path = ../src/Jitter_CodeGen_AArch32_Div.h; sourceTree = "<group>"; };
		70C8CAD61B9D7A6200F02FD5 /* Jitter_CodeGen_AArch32_Fpu.cpp */ = {isa = PBXFileReference; fileEncoding = 4; lastKnownFileType = sourcecode.cpp.cpp; name = Jitter_CodeGen_AArch32_Fpu.cpp; path = ../src/Jitter_CodeGen_AArch32_Fpu.cpp; sourceTree = "<group>"; };
		70C8CAD71B9D7A6200F02FD5 /* Jitter_CodeGen_AArch32_Md.cpp */ = {isa = PBXFileReference; fileEncoding = 4; lastKnownFileType = sourcecode.cpp.cpp; name = Jitter_CodeGen_AArch32_Md.cpp; path = ../src/Jitter_CodeGen_AArch32_Md.cpp; sourceTree = "<group>"; };
		70C8CAD81B9D7A6200F02FD5 /* Jitter_CodeGen_AArch32.cpp */ = {isa = PBXFileReference; fileEncoding = 4; lastKnownFileType = sourcecode.cpp.cpp; name = Jitter_CodeGen_AArch32.cpp; path = ../src/Jitter_CodeGen_AArch32.cpp; sourceTree = "<group>"; };
		70C8CAD91B9D7A6200F02FD5 /* Jitter_CodeGen_AArch64.cpp */ = {isa = PBXFileReference; fileEncoding = 4; lastKnownFileType = sourcecode.cpp.cpp; name = Jitter_CodeGen_AArch64.cpp; path = ../src/Jitter_CodeGen_AArch64.cpp; sourceTree = "<group>"; };
		70C8CAE11B9D7A6E00F02FD5 /* AArch32Assembler.h */ = {isa = PBXFileReference; fileEncoding = 4; lastKnownFileType = sourcecode.c.h; name = AArch32Assembler.h; path = ../include/AArch32Assembler.h; sourceTree = "<group>"; };
		70C8CAE21B9D7A6E00F02FD5 /* Jitter_CodeGen_AArch32.h */ = {isa = PBXFileReference; fileEncoding = 4; lastKnownFileType = sourcecode.c.h; name = Jitter_CodeGen_AArch32.h; path = ../include/Jitter_CodeGen_AArch32.h; sourceTree = "<group>"; };
		70C8CAE31B9D7A6E00F02FD5 /* Jitter_CodeGen_AArch64.h */ = {isa = PBXFileReference; fileEncoding = 4; lastKnownFileType = sourcecode.c.h; name = Jitter_CodeGen_AArch64.h; path = ../include/Jitter_CodeGen_AArch64.h; sourceTree = "<group>"; };
		70C8CAE71B9DD60E00F02FD5 /* AArch64Assembler.cpp */ = {isa = PBXFileReference; fileEncoding = 4; lastKnownFileType = sourcecode.cpp.cpp; name = AArch64Assembler.cpp; path = ../src/AArch64Assembler.cpp; sourceTree = "<group>"; };
		70C8CAE91B9DD61900F02FD5 /* AArch64Assembler.h */ = {isa = PBXFileReference; fileEncoding = 4; lastKnownFileType = sourcecode.c.h; name = AArch64Assembler.h; path = ../include/AArch64Assembler.h; sourceTree = "<group>"; };
		7E271F78121256B300C0DEBF /* Jitter_CodeGen_x86_32.cpp */ = {isa = PBXFileReference; fileEncoding = 4; lastKnownFileType = sourcecode.cpp.cpp; name = Jitter_CodeGen_x86_32.cpp; path = ../src/Jitter_CodeGen_x86_32.cpp; sourceTree = SOURCE_ROOT; };
		7E271F79121256B300C0DEBF /* Jitter_CodeGen_x86_64.cpp */ = {isa = PBXFileReference; fileEncoding = 4; lastKnownFileType = sourcecode.cpp.cpp; name = Jitter_CodeGen_x86_64.cpp; path = ../src/Jitter_CodeGen_x86_64.cpp; sourceTree = SOURCE_ROOT; };
		7E271F7A121256B300C0DEBF /* Jitter_CodeGen_x86_Alu.h */ = {isa = PBXFileReference; fileEncoding = 4; lastKnownFileType = sourcecode.c.h; name = Jitter_CodeGen_x86_Alu.h; path = ../src/Jitter_CodeGen_x86_Alu.h; sourceTree = SOURCE_ROOT; };
		7E271F7B121256B300C0DEBF /* Jitter_CodeGen_x86_Div.h */ = {isa = PBXFileReference; fileEncoding = 4; lastKnownFileType = sourcecode.c.h; name = Jitter_CodeGen_x86_Div.h; path = ../src/Jitter_CodeGen_x86_Div.h; sourceTree = SOURCE_ROOT; };
		7E271F7C121256B300C0DEBF /* Jitter_CodeGen_x86_Fpu.cpp */ = {isa = PBXFileReference; fileEncoding = 4; lastKnownFileType = sourcecode.cpp.cpp; name = Jitter_CodeGen_x86_Fpu.cpp; path = ../src/Jitter_CodeGen_x86_Fpu.cpp; sourceTree = SOURCE_ROOT; };
		7E271F7D121256B300C0DEBF /* Jitter_CodeGen_x86_Mul.h */ = {isa = PBXFileReference; fileEncoding = 4; lastKnownFileType = sourcecode.c.h; name = Jitter_CodeGen_x86_Mul.h; path = ../src/Jitter_CodeGen_x86_Mul.h; sourceTree = SOURCE_ROOT; };
		7E271F7E121256B300C0DEBF /* Jitter_CodeGen_x86_Shift.h */ = {isa = PBXFileReference; fileEncoding = 4; lastKnownFileType = sourcecode.c.h; name = Jitter_CodeGen_x86_Shift.h; path = ../src/Jitter_CodeGen_x86_Shift.h; sourceTree = SOURCE_ROOT; };
		7E271F7F121256B300C0DEBF /* Jitter_CodeGen_x86.cpp */ = {isa = PBXFileReference; fileEncoding = 4; lastKnownFileType = sourcecode.cpp.cpp; name = Jitter_CodeGen_x86.cpp; path = ../src/Jitter_CodeGen_x86.cpp; sourceTree = SOURCE_ROOT; };
		7E271F80121256B300C0DEBF /* Jitter_CodeGen.cpp */ = {isa = PBXFileReference; fileEncoding = 4; lastKnownFileType = sourcecode.cpp.cpp; name = Jitter_CodeGen.cpp; path = ../src/Jitter_CodeGen.cpp; sourceTree = SOURCE_ROOT; };
		7E271F81121256B300C0DEBF /* Jitter_CodeGenFactory.cpp */ = {isa = PBXFileReference; fileEncoding = 4; lastKnownFileType = sourcecode.cpp.cpp; name = Jitter_CodeGenFactory.cpp; path = ../src/Jitter_CodeGenFactory.cpp; sourceTree = SOURCE_ROOT; };
		7E271F82121256B300C0DEBF /* Jitter_Optimize.cpp */ = {isa = PBXFileReference; fileEncoding = 4; lastKnownFileType = sourcecode.cpp.cpp; name = Jitter_Optimize.cpp; path = ../src/Jitter_Optimize.cpp; sourceTree = SOURCE_ROOT; };
		7E271F83121256B300C0DEBF /* Jitter_SymbolTable.cpp */ = {isa = PBXFileReference; fileEncoding = 4; lastKnownFileType = sourcecode.cpp.cpp; name = Jitter_SymbolTable.cpp; path = ../src/Jitter_SymbolTable.cpp; sourceTree = SOURCE_ROOT; };
		7E271F84121256B300C0DEBF /* Jitter.cpp */ = {isa = PBXFileReference; fileEncoding = 4; lastKnownFileType = sourcecode.cpp.cpp; name = Jitter.cpp; path = ../src/Jitter.cpp; sourceTree = SOURCE_ROOT; };
		7E271F85121256B300C0DEBF /* MemoryFunction.cpp */ = {isa = PBXFileReference; fileEncoding = 4; lastKnownFileType = sourcecode.cpp.cpp; name = MemoryFunction.cpp; path = ../src/MemoryFunction.cpp; sourceTree = SOURCE_ROOT; };
		7E271F86121256B300C0DEBF /* X86Assembler_Fpu.cpp */ = {isa = PBXFileReference; fileEncoding = 4; lastKnownFileType = sourcecode.cpp.cpp; name = X86Assembler_Fpu.cpp; path = ../src/X86Assembler_Fpu.cpp; sourceTree = SOURCE_ROOT; };
		7E271F87121256B300C0DEBF /* X86Assembler_Sse.cpp */ = {isa = PBXFileReference; fileEncoding = 4; lastKnownFileType = sourcecode.cpp.cpp; name = X86Assembler_Sse.cpp; path = ../src/X86Assembler_Sse.cpp; sourceTree = SOURCE_ROOT; };
		7E271F88121256B300C0DEBF /* X86Assembler.cpp */ = {isa = PBXFileReference; fileEncoding = 4; lastKnownFileType = sourcecode.cpp.cpp; name = X86Assembler.cpp; path = ../src/X86Assembler.cpp; sourceTree = SOURCE_ROOT; };
		7E271F9E121256BB00C0DEBF /* ArrayStack.h */ = {isa = PBXFileReference; fileEncoding = 4; lastKnownFileType = sourcecode.c.h; name = ArrayStack.h; path = ../include/ArrayStack.h; sourceTree = SOURCE_ROOT; };
		7E271FA0121256BB00C0DEBF /* Jitter_CodeGen_x86_32.h */ = {isa = PBXFileReference; fileEncoding = 4; lastKnownFileType = sourcecode.c.h; name = Jitter_CodeGen_x86_32.h; path = ../include/Jitter_CodeGen_x86_32.h; sourceTree = SOURCE_ROOT; };
		7E271FA1121256BB00C0DEBF /* Jitter_CodeGen_x86_64.h */ = {isa = PBXFileReference; fileEncoding = 4; lastKnownFileType = sourcecode.c.h; name = Jitter_CodeGen_x86_64.h; path = ../include/Jitter_CodeGen_x86_64.h; sourceTree = SOURCE_ROOT; };
		7E271FA2121256BB00C0DEBF /* Jitter_CodeGen_x86.h */ = {isa = PBXFileReference; fileEncoding = 4; lastKnownFileType = sourcecode.c.h; name = Jitter_CodeGen_x86.h; path = ../include/Jitter_CodeGen_x86.h; sourceTree = SOURCE_ROOT; };
		7E271FA3121256BB00C0DEBF /* Jitter_CodeGen.h */ = {isa = PBXFileReference; fileEncoding = 4; lastKnownFileType = sourcecode.c.h; name = Jitter_CodeGen.h; path = ../include/Jitter_CodeGen.h; sourceTree = SOURCE_ROOT; };
		7E271FA4121256BB00C0DEBF /* Jitter_CodeGenFactory.h */ = {isa = PBXFileReference; fileEncoding = 4; lastKnownFileType = sourcecode.c.h; name = Jitter_CodeGenFactory.h; path = ../include/Jitter_CodeGenFactory.h; sourceTree = SOURCE_ROOT; };
		7E271FA5121256BB00C0DEBF /* Jitter_Statement.h */ = {isa = PBXFileReference; fileEncoding = 4; lastKnownFileType = sourcecode.c.h; name = Jitter_Statement.h; path = ../include/Jitter_Statement.h; sourceTree = SOURCE_ROOT; };
		7E271FA6121256BB00C0DEBF /* Jitter_Symbol.h */ = {isa = PBXFileReference; fileEncoding = 4; lastKnownFileType = sourcecode.c.h; name = Jitter_Symbol.h; path = ../include/Jitter_Symbol.h; sourceTree = SOURCE_ROOT; };
		7E271FA7121256BB00C0DEBF /* Jitter_SymbolRef.h */ = {isa = PBXFileReference; fileEncoding = 4; lastKnownFileType = sourcecode.c.h; name = Jitter_SymbolRef.h; path = ../include/Jitter_SymbolRef.h; sourceTree = SOURCE_ROOT; };
		7E271FA8121256BB00C0DEBF /* Jitter_SymbolTable.h */ = {isa = PBXFileReference; fileEncoding = 4; lastKnownFileType = sourcecode.c.h; name = Jitter_SymbolTable.h; path = ../include/Jitter_SymbolTable.h; sourceTree = SOURCE_ROOT; };
		7E271FA9121256BB00C0DEBF /* Jitter.h */ = {isa = PBXFileReference; fileEncoding = 4; lastKnownFileType = sourcecode.c.h; name = Jitter.h; path = ../include/Jitter.h; sourceTree = SOURCE_ROOT; };
		7E271FAA121256BB00C0DEBF /* MemoryFunction.h */ = {isa = PBXFileReference; fileEncoding = 4; lastKnownFileType = sourcecode.c.h; name = MemoryFunction.h; path = ../include/MemoryFunction.h; sourceTree = SOURCE_ROOT; };
		7E271FAB121256BB00C0DEBF /* X86Assembler.h */ = {isa = PBXFileReference; fileEncoding = 4; lastKnownFileType = sourcecode.c.h; name = X86Assembler.h; path = ../include/X86Assembler.h; sourceTree = SOURCE_ROOT; };
		7EF45DE812A0E43A00A991AB /* Jitter_RegAlloc.cpp */ = {isa = PBXFileReference; fileEncoding = 4; lastKnownFileType = sourcecode.cpp.cpp; name = Jitter_RegAlloc.cpp; path = ../src/Jitter_RegAlloc.cpp; sourceTree = SOURCE_ROOT; };
		AA747D9E0F9514B9006C5449 /* CodeGen_Prefix.pch */ = {isa = PBXFileReference; fileEncoding = 4; lastKnownFileType = sourcecode.c.h; path = CodeGen_Prefix.pch; sourceTree = SOURCE_ROOT; };
		AACBBE490F95108600F1A2B1 /* Foundation.framework */ = {isa = PBXFileReference; lastKnownFileType = wrapper.framework; name = Foundation.framework; path = System/Library/Frameworks/Foundation.framework; sourceTree = SDKROOT; };
		D2AAC07E0554694100DB518D /* libCodeGen.a */ = {isa = PBXFileReference; explicitFileType = archive.ar; includeInIndex = 0; path = libCodeGen.a; sourceTree = BUILT_PRODUCTS_DIR; };
/* End PBXFileReference section */

/* Begin PBXFrameworksBuildPhase section */
		D2AAC07C0554694100DB518D /* Frameworks */ = {
			isa = PBXFrameworksBuildPhase;
			buildActionMask = 2147483647;
			files = (
				AACBBE4A0F95108600F1A2B1 /* Foundation.framework in Frameworks */,
			);
			runOnlyForDeploymentPostprocessing = 0;
		};
/* End PBXFrameworksBuildPhase section */

/* Begin PBXGroup section */
		034768DFFF38A50411DB9C8B /* Products */ = {
			isa = PBXGroup;
			children = (
				D2AAC07E0554694100DB518D /* libCodeGen.a */,
			);
			name = Products;
			sourceTree = "<group>";
		};
		0867D691FE84028FC02AAC07 /* CodeGen */ = {
			isa = PBXGroup;
			children = (
				70C0EF791A59394700227442 /* Config */,
				08FB77AEFE84172EC02AAC07 /* Classes */,
				32C88DFF0371C24200C91783 /* Other Sources */,
				0867D69AFE84028FC02AAC07 /* Frameworks */,
				034768DFFF38A50411DB9C8B /* Products */,
			);
			name = CodeGen;
			sourceTree = "<group>";
		};
		0867D69AFE84028FC02AAC07 /* Frameworks */ = {
			isa = PBXGroup;
			children = (
				AACBBE490F95108600F1A2B1 /* Foundation.framework */,
			);
			name = Frameworks;
			sourceTree = "<group>";
		};
		08FB77AEFE84172EC02AAC07 /* Classes */ = {
			isa = PBXGroup;
			children = (
				70C8CAD31B9D7A6200F02FD5 /* AArch32Assembler.cpp */,
				70C8CAE11B9D7A6E00F02FD5 /* AArch32Assembler.h */,
				70C8CAE71B9DD60E00F02FD5 /* AArch64Assembler.cpp */,
				70C8CAE91B9DD61900F02FD5 /* AArch64Assembler.h */,
				7E271F9E121256BB00C0DEBF /* ArrayStack.h */,
				7099CCA817C63E9C0035D19A /* CoffDefs.h */,
				7099CCA517C63E930035D19A /* CoffObjectFile.cpp */,
				7099CCA917C63E9C0035D19A /* CoffObjectFile.h */,
				70C8CAD41B9D7A6200F02FD5 /* Jitter_CodeGen_AArch32_64.cpp */,
				70C8CAD51B9D7A6200F02FD5 /* Jitter_CodeGen_AArch32_Div.h */,
				70C8CAD61B9D7A6200F02FD5 /* Jitter_CodeGen_AArch32_Fpu.cpp */,
				70C8CAD71B9D7A6200F02FD5 /* Jitter_CodeGen_AArch32_Md.cpp */,
				70C8CAD81B9D7A6200F02FD5 /* Jitter_CodeGen_AArch32.cpp */,
				70C8CAE21B9D7A6E00F02FD5 /* Jitter_CodeGen_AArch32.h */,
				7077C9781C0D27B100F2F1BA /* Jitter_CodeGen_AArch64_64.cpp */,
				70BD0BDB1C160179007F8861 /* Jitter_CodeGen_AArch64_Fpu.cpp */,
				707849AE1BFEC67100857554 /* Jitter_CodeGen_AArch64_Md.cpp */,
				70C8CAD91B9D7A6200F02FD5 /* Jitter_CodeGen_AArch64.cpp */,
				70C8CAE31B9D7A6E00F02FD5 /* Jitter_CodeGen_AArch64.h */,
				7E271F78121256B300C0DEBF /* Jitter_CodeGen_x86_32.cpp */,
				7E271FA0121256BB00C0DEBF /* Jitter_CodeGen_x86_32.h */,
				7E271F79121256B300C0DEBF /* Jitter_CodeGen_x86_64.cpp */,
				7E271FA1121256BB00C0DEBF /* Jitter_CodeGen_x86_64.h */,
				7E271F7A121256B300C0DEBF /* Jitter_CodeGen_x86_Alu.h */,
				7E271F7B121256B300C0DEBF /* Jitter_CodeGen_x86_Div.h */,
				7E271F7C121256B300C0DEBF /* Jitter_CodeGen_x86_Fpu.cpp */,
				703093D217BE6844009662A1 /* Jitter_CodeGen_x86_Md.cpp */,
				7E271F7D121256B300C0DEBF /* Jitter_CodeGen_x86_Mul.h */,
				7E271F7E121256B300C0DEBF /* Jitter_CodeGen_x86_Shift.h */,
				7E271F7F121256B300C0DEBF /* Jitter_CodeGen_x86.cpp */,
				7E271FA2121256BB00C0DEBF /* Jitter_CodeGen_x86.h */,
				7E271F80121256B300C0DEBF /* Jitter_CodeGen.cpp */,
				7E271FA3121256BB00C0DEBF /* Jitter_CodeGen.h */,
				7E271F81121256B300C0DEBF /* Jitter_CodeGenFactory.cpp */,
				7E271FA4121256BB00C0DEBF /* Jitter_CodeGenFactory.h */,
				7E271F82121256B300C0DEBF /* Jitter_Optimize.cpp */,
				7EF45DE812A0E43A00A991AB /* Jitter_RegAlloc.cpp */,
				705E54F11A58C5D6009E67F1 /* Jitter_Statement.cpp */,
				7E271FA5121256BB00C0DEBF /* Jitter_Statement.h */,
				7E271FA6121256BB00C0DEBF /* Jitter_Symbol.h */,
				7E271FA7121256BB00C0DEBF /* Jitter_SymbolRef.h */,
				7E271F83121256B300C0DEBF /* Jitter_SymbolTable.cpp */,
				7E271FA8121256BB00C0DEBF /* Jitter_SymbolTable.h */,
				7E271F84121256B300C0DEBF /* Jitter.cpp */,
				7E271FA9121256BB00C0DEBF /* Jitter.h */,
				7099CCAA17C63E9C0035D19A /* MachoDefs.h */,
				7099CCA617C63E930035D19A /* MachoObjectFile.cpp */,
				7099CCAB17C63E9C0035D19A /* MachoObjectFile.h */,
				7E271F85121256B300C0DEBF /* MemoryFunction.cpp */,
				7E271FAA121256BB00C0DEBF /* MemoryFunction.h */,
				7099CCA717C63E930035D19A /* ObjectFile.cpp */,
				7099CCAC17C63E9C0035D19A /* ObjectFile.h */,
				7E271F86121256B300C0DEBF /* X86Assembler_Fpu.cpp */,
				7E271F87121256B300C0DEBF /* X86Assembler_Sse.cpp */,
				7E271F88121256B300C0DEBF /* X86Assembler.cpp */,
				7E271FAB121256BB00C0DEBF /* X86Assembler.h */,
			);
			name = Classes;
			sourceTree = "<group>";
		};
		32C88DFF0371C24200C91783 /* Other Sources */ = {
			isa = PBXGroup;
			children = (
				AA747D9E0F9514B9006C5449 /* CodeGen_Prefix.pch */,
			);
			name = "Other Sources";
			sourceTree = "<group>";
		};
		70C0EF791A59394700227442 /* Config */ = {
			isa = PBXGroup;
			children = (
				70C0EF7B1A59395500227442 /* GeneralSettings.xcconfig */,
				70C0EF7C1A59395500227442 /* GeneralSettingsDebug.xcconfig */,
				70C0EF7D1A59395500227442 /* GeneralSettingsRelease.xcconfig */,
			);
			name = Config;
			sourceTree = "<group>";
		};
/* End PBXGroup section */

/* Begin PBXHeadersBuildPhase section */
		D2AAC07A0554694100DB518D /* Headers */ = {
			isa = PBXHeadersBuildPhase;
			buildActionMask = 2147483647;
			files = (
				AA747D9F0F9514B9006C5449 /* CodeGen_Prefix.pch in Headers */,
				7E271F8E121256B300C0DEBF /* Jitter_CodeGen_x86_Alu.h in Headers */,
				70C8CAE41B9D7A6E00F02FD5 /* AArch32Assembler.h in Headers */,
				7E271F8F121256B300C0DEBF /* Jitter_CodeGen_x86_Div.h in Headers */,
				7E271F91121256B300C0DEBF /* Jitter_CodeGen_x86_Mul.h in Headers */,
				7E271F92121256B300C0DEBF /* Jitter_CodeGen_x86_Shift.h in Headers */,
				70C8CAE61B9D7A6E00F02FD5 /* Jitter_CodeGen_AArch64.h in Headers */,
				7E271FAD121256BB00C0DEBF /* ArrayStack.h in Headers */,
				7E271FAF121256BB00C0DEBF /* Jitter_CodeGen_x86_32.h in Headers */,
				7E271FB0121256BB00C0DEBF /* Jitter_CodeGen_x86_64.h in Headers */,
				7E271FB1121256BB00C0DEBF /* Jitter_CodeGen_x86.h in Headers */,
				7E271FB2121256BB00C0DEBF /* Jitter_CodeGen.h in Headers */,
				7E271FB3121256BB00C0DEBF /* Jitter_CodeGenFactory.h in Headers */,
				7E271FB4121256BB00C0DEBF /* Jitter_Statement.h in Headers */,
				7E271FB5121256BB00C0DEBF /* Jitter_Symbol.h in Headers */,
				70C8CADC1B9D7A6200F02FD5 /* Jitter_CodeGen_AArch32_Div.h in Headers */,
				7E271FB6121256BB00C0DEBF /* Jitter_SymbolRef.h in Headers */,
				7E271FB7121256BB00C0DEBF /* Jitter_SymbolTable.h in Headers */,
				7E271FB8121256BB00C0DEBF /* Jitter.h in Headers */,
				7E271FB9121256BB00C0DEBF /* MemoryFunction.h in Headers */,
				70C8CAE51B9D7A6E00F02FD5 /* Jitter_CodeGen_AArch32.h in Headers */,
				70C8CAEA1B9DD61900F02FD5 /* AArch64Assembler.h in Headers */,
				7E271FBA121256BB00C0DEBF /* X86Assembler.h in Headers */,
			);
			runOnlyForDeploymentPostprocessing = 0;
		};
/* End PBXHeadersBuildPhase section */

/* Begin PBXNativeTarget section */
		D2AAC07D0554694100DB518D /* CodeGen */ = {
			isa = PBXNativeTarget;
			buildConfigurationList = 1DEB921E08733DC00010E9CD /* Build configuration list for PBXNativeTarget "CodeGen" */;
			buildPhases = (
				D2AAC07A0554694100DB518D /* Headers */,
				D2AAC07B0554694100DB518D /* Sources */,
				D2AAC07C0554694100DB518D /* Frameworks */,
			);
			buildRules = (
			);
			dependencies = (
			);
			name = CodeGen;
			productName = CodeGen;
			productReference = D2AAC07E0554694100DB518D /* libCodeGen.a */;
			productType = "com.apple.product-type.library.static";
		};
/* End PBXNativeTarget section */

/* Begin PBXProject section */
		0867D690FE84028FC02AAC07 /* Project object */ = {
			isa = PBXProject;
			attributes = {
				LastUpgradeCheck = 0500;
			};
			buildConfigurationList = 1DEB922208733DC00010E9CD /* Build configuration list for PBXProject "CodeGen" */;
			compatibilityVersion = "Xcode 3.2";
			developmentRegion = English;
			hasScannedForEncodings = 1;
			knownRegions = (
				English,
				Japanese,
				French,
				German,
			);
			mainGroup = 0867D691FE84028FC02AAC07 /* CodeGen */;
			productRefGroup = 034768DFFF38A50411DB9C8B /* Products */;
			projectDirPath = "";
			projectRoot = "";
			targets = (
				D2AAC07D0554694100DB518D /* CodeGen */,
			);
		};
/* End PBXProject section */

/* Begin PBXSourcesBuildPhase section */
		D2AAC07B0554694100DB518D /* Sources */ = {
			isa = PBXSourcesBuildPhase;
			buildActionMask = 2147483647;
			files = (
				7E271F8C121256B300C0DEBF /* Jitter_CodeGen_x86_32.cpp in Sources */,
				703DF0291A5A2C4C001C1205 /* ObjectFile.cpp in Sources */,
				7E271F8D121256B300C0DEBF /* Jitter_CodeGen_x86_64.cpp in Sources */,
				703093D317BE6844009662A1 /* Jitter_CodeGen_x86_Md.cpp in Sources */,
				7E271F90121256B300C0DEBF /* Jitter_CodeGen_x86_Fpu.cpp in Sources */,
				7E271F93121256B300C0DEBF /* Jitter_CodeGen_x86.cpp in Sources */,
				7E271F94121256B300C0DEBF /* Jitter_CodeGen.cpp in Sources */,
				7077C9791C0D27B100F2F1BA /* Jitter_CodeGen_AArch64_64.cpp in Sources */,
				70C8CADA1B9D7A6200F02FD5 /* AArch32Assembler.cpp in Sources */,
				7E271F95121256B300C0DEBF /* Jitter_CodeGenFactory.cpp in Sources */,
				7E271F96121256B300C0DEBF /* Jitter_Optimize.cpp in Sources */,
				70C8CADF1B9D7A6200F02FD5 /* Jitter_CodeGen_AArch32.cpp in Sources */,
				70BD0BDC1C160179007F8861 /* Jitter_CodeGen_AArch64_Fpu.cpp in Sources */,
				70C8CADD1B9D7A6200F02FD5 /* Jitter_CodeGen_AArch32_Fpu.cpp in Sources */,
				7E271F97121256B300C0DEBF /* Jitter_SymbolTable.cpp in Sources */,
				7E271F98121256B300C0DEBF /* Jitter.cpp in Sources */,
				7E271F99121256B300C0DEBF /* MemoryFunction.cpp in Sources */,
				70C8CAE01B9D7A6200F02FD5 /* Jitter_CodeGen_AArch64.cpp in Sources */,
				707849AF1BFEC67100857554 /* Jitter_CodeGen_AArch64_Md.cpp in Sources */,
				70C8CADE1B9D7A6200F02FD5 /* Jitter_CodeGen_AArch32_Md.cpp in Sources */,
				70C8CADB1B9D7A6200F02FD5 /* Jitter_CodeGen_AArch32_64.cpp in Sources */,
				705E54F41A58C5D6009E67F1 /* Jitter_Statement.cpp in Sources */,
				7E271F9A121256B300C0DEBF /* X86Assembler_Fpu.cpp in Sources */,
				70C8CAE81B9DD60E00F02FD5 /* AArch64Assembler.cpp in Sources */,
				7E271F9B121256B300C0DEBF /* X86Assembler_Sse.cpp in Sources */,
				7E271F9C121256B300C0DEBF /* X86Assembler.cpp in Sources */,
				7EF45DE912A0E43A00A991AB /* Jitter_RegAlloc.cpp in Sources */,
			);
			runOnlyForDeploymentPostprocessing = 0;
		};
/* End PBXSourcesBuildPhase section */

/* Begin XCBuildConfiguration section */
		1DEB921F08733DC00010E9CD /* Debug */ = {
			isa = XCBuildConfiguration;
			baseConfigurationReference = 70C0EF7C1A59395500227442 /* GeneralSettingsDebug.xcconfig */;
			buildSettings = {
				ALWAYS_SEARCH_USER_PATHS = NO;
				COPY_PHASE_STRIP = NO;
				DSTROOT = /tmp/CodeGen.dst;
				GCC_ENABLE_FIX_AND_CONTINUE = YES;
				INSTALL_PATH = /usr/local/lib;
				PRODUCT_NAME = CodeGen;
				SKIP_INSTALL = YES;
			};
			name = Debug;
		};
		1DEB922008733DC00010E9CD /* Release */ = {
			isa = XCBuildConfiguration;
			baseConfigurationReference = 70C0EF7D1A59395500227442 /* GeneralSettingsRelease.xcconfig */;
			buildSettings = {
				ALWAYS_SEARCH_USER_PATHS = NO;
				DSTROOT = /tmp/CodeGen.dst;
				INSTALL_PATH = /usr/local/lib;
				PRODUCT_NAME = CodeGen;
				SKIP_INSTALL = YES;
			};
			name = Release;
		};
		1DEB922308733DC00010E9CD /* Debug */ = {
			isa = XCBuildConfiguration;
			buildSettings = {
			};
			name = Debug;
		};
		1DEB922408733DC00010E9CD /* Release */ = {
			isa = XCBuildConfiguration;
			buildSettings = {
			};
			name = Release;
		};
/* End XCBuildConfiguration section */

/* Begin XCConfigurationList section */
		1DEB921E08733DC00010E9CD /* Build configuration list for PBXNativeTarget "CodeGen" */ = {
			isa = XCConfigurationList;
			buildConfigurations = (
				1DEB921F08733DC00010E9CD /* Debug */,
				1DEB922008733DC00010E9CD /* Release */,
			);
			defaultConfigurationIsVisible = 0;
			defaultConfigurationName = Release;
		};
		1DEB922208733DC00010E9CD /* Build configuration list for PBXProject "CodeGen" */ = {
			isa = XCConfigurationList;
			buildConfigurations = (
				1DEB922308733DC00010E9CD /* Debug */,
				1DEB922408733DC00010E9CD /* Release */,
			);
			defaultConfigurationIsVisible = 0;
			defaultConfigurationName = Release;
		};
/* End XCConfigurationList section */
	};
	rootObject = 0867D690FE84028FC02AAC07 /* Project object */;
}
